// !$*UTF8*$!
{
	archiveVersion = 1;
	classes = {
	};
	objectVersion = 77;
	objects = {

/* Begin PBXBuildFile section */
		019851EEA0F60E80D0EA3EF0 /* ReaderOptions.swift in Sources */ = {isa = PBXBuildFile; fileRef = BA405EC9A776C2390E20E31B /* ReaderOptions.swift */; };
		01B04B55D1C099DD30E92201 /* ReaderControls.swift in Sources */ = {isa = PBXBuildFile; fileRef = 362D971ABFBB071048A85123 /* ReaderControls.swift */; };
		023FB4353D258BB2EB6455F5 /* PrivacyInfo.xcprivacy in Resources */ = {isa = PBXBuildFile; fileRef = 7D348EDD539760C9C3EF1F66 /* PrivacyInfo.xcprivacy */; };
		085FA984572CDBF0B855F4FF /* ZipReaderTests.swift in Sources */ = {isa = PBXBuildFile; fileRef = 3E27F957B80DBF4AABBD2C6F /* ZipReaderTests.swift */; };
		0A0E0CF6DB17F9B35E98EFAA /* RandomAccessReader.swift in Sources */ = {isa = PBXBuildFile; fileRef = 2924E7D9DA58A7E2B49E2593 /* RandomAccessReader.swift */; };
		0BAF908FCB6FB42BE1D48A97 /* LibraryState.swift in Sources */ = {isa = PBXBuildFile; fileRef = 6D51D5B1DE8F484A69F39007 /* LibraryState.swift */; };
		0BEDD78A6A9331BA177FADD8 /* SeriesGrouping.swift in Sources */ = {isa = PBXBuildFile; fileRef = CAD101EBBCAB3F82E3801B42 /* SeriesGrouping.swift */; };
		0CCAC2CE8AD4247739B359D5 /* MangoIntents.swift in Sources */ = {isa = PBXBuildFile; fileRef = F51A4C22B927834AC3B1622C /* MangoIntents.swift */; };
		0E364AED4B40B9190BE38F3A /* ProgressSyncTests.swift in Sources */ = {isa = PBXBuildFile; fileRef = BC2EFD6C20BA6E555039AFAA /* ProgressSyncTests.swift */; };
		0E54541EF5B1F8FEE3188963 /* SeriesGroupingTests.swift in Sources */ = {isa = PBXBuildFile; fileRef = F32BE28E382903FEDB78351D /* SeriesGroupingTests.swift */; };
		11CCD056FD5F5373A1DBA305 /* ContinueReadingWidget.swift in Sources */ = {isa = PBXBuildFile; fileRef = 214D4908892151334CD4F41C /* ContinueReadingWidget.swift */; };
		12813B77331E752D003817E0 /* SeriesLookupView.swift in Sources */ = {isa = PBXBuildFile; fileRef = A26C4AE90A771FAA6E3435BF /* SeriesLookupView.swift */; };
		15513CB13312CF24252B7011 /* SpreadLayout.swift in Sources */ = {isa = PBXBuildFile; fileRef = DA84693BDBFE301D5B451EE1 /* SpreadLayout.swift */; };
		18A0874A8A9262995AA06B79 /* ReadingListTests.swift in Sources */ = {isa = PBXBuildFile; fileRef = 76EAFA568AFDF3AD92E89998 /* ReadingListTests.swift */; };
		1924E9749CEEFC7742C80C21 /* EPUBDocument.swift in Sources */ = {isa = PBXBuildFile; fileRef = A8390791BBCCC9E5AF85AA31 /* EPUBDocument.swift */; };
		193EA59E97D58CA126B13639 /* LibraryModel+Downloads.swift in Sources */ = {isa = PBXBuildFile; fileRef = 8323EA12C42BC791D2DA5AE2 /* LibraryModel+Downloads.swift */; };
		1A6D89B37FDD00989D77C204 /* LocalMove.swift in Sources */ = {isa = PBXBuildFile; fileRef = 24582C9B3FB171CAA7A01A15 /* LocalMove.swift */; };
		1AB613EE3EB79B5B455BBC61 /* ActivityViews.swift in Sources */ = {isa = PBXBuildFile; fileRef = 35EB44A035C4ED4C1C8A9A59 /* ActivityViews.swift */; };
		1CA325F976C4153490FA28C9 /* LibraryStore.swift in Sources */ = {isa = PBXBuildFile; fileRef = 17B9A316341A29ECD770C9B3 /* LibraryStore.swift */; };
		1E1FB06091ED33989CC94ED2 /* Comic.swift in Sources */ = {isa = PBXBuildFile; fileRef = 56CE48B6D8D5E95D44165066 /* Comic.swift */; };
		1F8B4C51525EF5A3EB6D199B /* TallPageTests.swift in Sources */ = {isa = PBXBuildFile; fileRef = A2B84550A723DC7845833093 /* TallPageTests.swift */; };
		237B506B1A4AEAF1A8AFA169 /* EditComicView.swift in Sources */ = {isa = PBXBuildFile; fileRef = 38F577D1086DFE59CA7E30B2 /* EditComicView.swift */; };
		24BCF8D5ABAD435C12411166 /* NASSetupView.swift in Sources */ = {isa = PBXBuildFile; fileRef = E57AF5756D814DC395CD5C15 /* NASSetupView.swift */; };
		253854F185F23FBE87F3BE7C /* LogBookView.swift in Sources */ = {isa = PBXBuildFile; fileRef = 76612A65E1B788AC439B8339 /* LogBookView.swift */; };
		28040003F9A50C9E397B03FA /* ComicInfo.swift in Sources */ = {isa = PBXBuildFile; fileRef = 850C21986BD7FEAF69E55374 /* ComicInfo.swift */; };
		28209DC6B56A22C1B4231B43 /* Assets.xcassets in Resources */ = {isa = PBXBuildFile; fileRef = 3EED7A5A833B0ECB7558CAD1 /* Assets.xcassets */; };
		2A41C7DBD35175D82D875F9B /* ReadingListViews.swift in Sources */ = {isa = PBXBuildFile; fileRef = B735B2CD88FDF644B2D5BA90 /* ReadingListViews.swift */; };
		3BD93B099BCFED10C5E6A5D1 /* SpreadLayoutTests.swift in Sources */ = {isa = PBXBuildFile; fileRef = FCB12047A308E5CF1ED6CE8E /* SpreadLayoutTests.swift */; };
		3DD745B2E76FC82D077E37A5 /* ZipReader.swift in Sources */ = {isa = PBXBuildFile; fileRef = BB8F0D00CBE3A4C34A9C6523 /* ZipReader.swift */; };
		3FAF497B0497B7F50C6B805C /* PagedReader.swift in Sources */ = {isa = PBXBuildFile; fileRef = 10898A6A4BEC764BED0CA4C3 /* PagedReader.swift */; };
		40AEC4E2EE1114ABD86B3DE4 /* LibrarySource.swift in Sources */ = {isa = PBXBuildFile; fileRef = A2A384731307B7811C0770F0 /* LibrarySource.swift */; };
		43D2A2DF52A19D167DBED746 /* Logger+Mango.swift in Sources */ = {isa = PBXBuildFile; fileRef = 42485FBA788C6193A9316BE4 /* Logger+Mango.swift */; };
		49BA93688AE2702B1FC6CD70 /* ReaderRouter.swift in Sources */ = {isa = PBXBuildFile; fileRef = 59A997DD640808822EC0749B /* ReaderRouter.swift */; };
		49D051D28B4D6DAA63DFEAFA /* LibraryStateCompatTests.swift in Sources */ = {isa = PBXBuildFile; fileRef = 6E6E70FA8B2118AFE3D7C496 /* LibraryStateCompatTests.swift */; };
		4D3C61C0C22D589E1C8270A7 /* CoverSearchTests.swift in Sources */ = {isa = PBXBuildFile; fileRef = 74FC0AD5C92133DC59D9BEC8 /* CoverSearchTests.swift */; };
		4D47F7CA28C8818537885221 /* ComicInfoTests.swift in Sources */ = {isa = PBXBuildFile; fileRef = CE47EE3C1EA02385C3A31110 /* ComicInfoTests.swift */; };
		4E47BFAAB8F47FC3CF61CD8F /* DuplicatesView.swift in Sources */ = {isa = PBXBuildFile; fileRef = 073BBB322EC45206B49B0383 /* DuplicatesView.swift */; };
		549F9E59882E0B54AE4FB7FD /* ReaderEngine.swift in Sources */ = {isa = PBXBuildFile; fileRef = 59DED834948B52DAB8B08E36 /* ReaderEngine.swift */; };
		54DB0AF044D206102BB4AD16 /* LibraryModel+Outside.swift in Sources */ = {isa = PBXBuildFile; fileRef = CDF73065EA58599FC6B69E2F /* LibraryModel+Outside.swift */; };
		55018B1621546BC9B20091B8 /* SourceBrowserView.swift in Sources */ = {isa = PBXBuildFile; fileRef = 85896BCF84AE73C557A0C71E /* SourceBrowserView.swift */; };
		5548CAC19C29E6F0452FA475 /* ImageDecoder.swift in Sources */ = {isa = PBXBuildFile; fileRef = 3651C7A2C034113FC75C60B6 /* ImageDecoder.swift */; };
		5591D5757573FE932A676B8A /* ShelfKit in Frameworks */ = {isa = PBXBuildFile; productRef = C68BA5FC48025A18A39102D3 /* ShelfKit */; };
		55E4642406338C126D773EDA /* AppEnvironment.swift in Sources */ = {isa = PBXBuildFile; fileRef = 92EAE70E7EBF6C31A130572A /* AppEnvironment.swift */; };
		58D03888ED3FB0EA71E1B549 /* LibraryModel+Duplicates.swift in Sources */ = {isa = PBXBuildFile; fileRef = 77E0E229B6BDC8A18EEF6650 /* LibraryModel+Duplicates.swift */; };
		5902EF8B53805DA0DDD96143 /* Medium.swift in Sources */ = {isa = PBXBuildFile; fileRef = 02FBB3EBD95E817A4A91C379 /* Medium.swift */; };
		595E16DCFBDC9F0F39DE7608 /* FormattingTests.swift in Sources */ = {isa = PBXBuildFile; fileRef = EB90731D0ADEC569ABD5A528 /* FormattingTests.swift */; };
		5A84412363052CE63FCD1FE2 /* EPUBPackage.swift in Sources */ = {isa = PBXBuildFile; fileRef = CE60B793852685818B543F0A /* EPUBPackage.swift */; };
		5DEA74AF015A28D4ADFB7CCF /* ReaderView.swift in Sources */ = {isa = PBXBuildFile; fileRef = 36AC28FAAD4AF3A319F39B7F /* ReaderView.swift */; };
		5EADF99A0BC4E7461D0A5088 /* FolderComicArchive.swift in Sources */ = {isa = PBXBuildFile; fileRef = 8D3284629D6CAAA335706A95 /* FolderComicArchive.swift */; };
		5EE271DB76EAEA73BC3D6AE1 /* LibraryModel+Cloud.swift in Sources */ = {isa = PBXBuildFile; fileRef = AB67B9882FA01B52EB157A50 /* LibraryModel+Cloud.swift */; };
		5F71713CAE5BA27A1FAC5898 /* LibraryModel+Lists.swift in Sources */ = {isa = PBXBuildFile; fileRef = 998EB466840EB739C25A87CF /* LibraryModel+Lists.swift */; };
		63C6976051DFDFD096FDA943 /* LibraryModel+Covers.swift in Sources */ = {isa = PBXBuildFile; fileRef = A7E6FB1934259E6CD959E312 /* LibraryModel+Covers.swift */; };
		6411CD46D2EA2745797CAF7D /* SeriesLookup.swift in Sources */ = {isa = PBXBuildFile; fileRef = D0BCBE724BC92E84C93A4BEF /* SeriesLookup.swift */; };
		66B646D1C1ADC6612AA195D8 /* LibraryDedupe.swift in Sources */ = {isa = PBXBuildFile; fileRef = 675C49B2604403BA05EECC26 /* LibraryDedupe.swift */; };
		67389B7305589DC38C3E3214 /* TransferManager.swift in Sources */ = {isa = PBXBuildFile; fileRef = 554E34BEBB5365E89EC8B980 /* TransferManager.swift */; };
		6931415B3018D8AC9F388F77 /* LibraryModel.swift in Sources */ = {isa = PBXBuildFile; fileRef = A9037BD33E0B51EF3CAA5226 /* LibraryModel.swift */; };
		6DB37BEFEB95B6AD0409C327 /* NameParserTests.swift in Sources */ = {isa = PBXBuildFile; fileRef = F6F5D9E84E508B70474844C0 /* NameParserTests.swift */; };
		718764C53CE7BFAF6236B8A3 /* LocalMoveTests.swift in Sources */ = {isa = PBXBuildFile; fileRef = FFE20452C2A13AFEDE3B5B5A /* LocalMoveTests.swift */; };
		75AF01A0C58A179BDBAEB1C6 /* ReadingProgressTests.swift in Sources */ = {isa = PBXBuildFile; fileRef = 85921FD3FFCD762D8FA54844 /* ReadingProgressTests.swift */; };
		789C8CD8E9E9254B7949D353 /* CoverSyncTests.swift in Sources */ = {isa = PBXBuildFile; fileRef = 1F610E7EDD1348C0A2FBA953 /* CoverSyncTests.swift */; };
		79322B57C7A8725C4404152D /* KeychainStore.swift in Sources */ = {isa = PBXBuildFile; fileRef = A84CF8003C37EFD05A28B5CF /* KeychainStore.swift */; };
		8728A84955BC31A8DC7B68DA /* MarginTrimmer.swift in Sources */ = {isa = PBXBuildFile; fileRef = 36F6B9D51275E0B99177B0FE /* MarginTrimmer.swift */; };
		874606504A3DDCB19829040C /* ComicOverride.swift in Sources */ = {isa = PBXBuildFile; fileRef = E2F566B617E174309B35650D /* ComicOverride.swift */; };
		87BA2CE3BF15595C2F851919 /* CoverView.swift in Sources */ = {isa = PBXBuildFile; fileRef = 62E2977C1BEE925EC6FC8241 /* CoverView.swift */; };
		87C662C9BFAFEBDD30275C67 /* ProgressSync.swift in Sources */ = {isa = PBXBuildFile; fileRef = A776A38F05557D1EB3700C43 /* ProgressSync.swift */; };
		88CDB224BA09AC224C3395FA /* SeriesGroupViews.swift in Sources */ = {isa = PBXBuildFile; fileRef = 02083CFB7F3AD3BA8B59208A /* SeriesGroupViews.swift */; };
		8B7CBC744A124EB0B9F11CC5 /* ProgressBar.swift in Sources */ = {isa = PBXBuildFile; fileRef = 1CF622583A273B4A3A99D811 /* ProgressBar.swift */; };
		8C01C798CEA90DED9A960C3E /* LibraryModel+Privacy.swift in Sources */ = {isa = PBXBuildFile; fileRef = 7F5450C5A73CDBFBAA98F597 /* LibraryModel+Privacy.swift */; };
		90325F5BEF0219C3C4B4A92F /* Formatting.swift in Sources */ = {isa = PBXBuildFile; fileRef = 4B776B2F21827D7431E5CBFA /* Formatting.swift */; };
		917E4E3DC5C681AA99A5391E /* PDFComicArchive.swift in Sources */ = {isa = PBXBuildFile; fileRef = FE2E02F00476CBFC607C9E1F /* PDFComicArchive.swift */; };
		95E2B807D3B7DD6060F851C8 /* AMSMB2 in Embed Frameworks */ = {isa = PBXBuildFile; productRef = EB37802BFD4CF09156555AAF /* AMSMB2 */; settings = {ATTRIBUTES = (CodeSignOnCopy, RemoveHeadersOnCopy, ); }; };
		96294C5E4CC06BBC69C01A66 /* ReadingStats.swift in Sources */ = {isa = PBXBuildFile; fileRef = 511423CB28C41497EDEC78FA /* ReadingStats.swift */; };
		993E09D9CBA4C97CBF94CCBD /* AppSettings.swift in Sources */ = {isa = PBXBuildFile; fileRef = B06B9CBA09D73930A4A09130 /* AppSettings.swift */; };
		9A6224D126CAD39F38BE55C5 /* DuplicateFinder.swift in Sources */ = {isa = PBXBuildFile; fileRef = 05BCE119D2A7CE7085E5991E /* DuplicateFinder.swift */; };
		9D23D4B2FFB7AF2FCE894069 /* Series.swift in Sources */ = {isa = PBXBuildFile; fileRef = 91901981DD7DA76063F12867 /* Series.swift */; };
		9EE6CA1197E849A542E5C837 /* ActivityStats.swift in Sources */ = {isa = PBXBuildFile; fileRef = 9AEDD8030A8DCEF4BB0FD04A /* ActivityStats.swift */; };
		A48E40900A8CE7FFE289018A /* ZipComicArchive.swift in Sources */ = {isa = PBXBuildFile; fileRef = 286002CD921891FB1A7F3E6D /* ZipComicArchive.swift */; };
		A516D8370CF24A0D3AA47F5D /* RootView.swift in Sources */ = {isa = PBXBuildFile; fileRef = 44619CC2962880BD4E8D99E1 /* RootView.swift */; };
		A879A73ADCA490313F8B9855 /* ReadingSnapshot.swift in Sources */ = {isa = PBXBuildFile; fileRef = F1FE7A94B46C464EFF6CC7AE /* ReadingSnapshot.swift */; };
		AB28A5731170DC087470C2F0 /* EPUBParserTests.swift in Sources */ = {isa = PBXBuildFile; fileRef = 78276097E6A829F0AC4CD49D /* EPUBParserTests.swift */; };
		AF5917CC0D0DA0F427DDBEB7 /* ActivityTests.swift in Sources */ = {isa = PBXBuildFile; fileRef = 4B06416E4617517422661FDB /* ActivityTests.swift */; };
		B3762AA1B78BB1D0492B0A4B /* StatsView.swift in Sources */ = {isa = PBXBuildFile; fileRef = F88DA7CD560BCF2F67B60623 /* StatsView.swift */; };
		B4CDD4C430819E29A60A06D7 /* ReadingSnapshot.swift in Sources */ = {isa = PBXBuildFile; fileRef = F1FE7A94B46C464EFF6CC7AE /* ReadingSnapshot.swift */; };
		B7113CCB8D571D312FC862AF /* MangoWidgets.appex in Embed Foundation Extensions */ = {isa = PBXBuildFile; fileRef = 0FA3F1880AC3E6DA5066E838 /* MangoWidgets.appex */; settings = {ATTRIBUTES = (RemoveHeadersOnCopy, ); }; };
		B86A52BA64AA01127E3A847D /* ZipTestBuilder.swift in Sources */ = {isa = PBXBuildFile; fileRef = C1E84DFA84ABCFCD7B9EED53 /* ZipTestBuilder.swift */; };
		B999A41796CEB6EAEAFF2B8C /* CoverStore.swift in Sources */ = {isa = PBXBuildFile; fileRef = 8032DD585DFFCB579BB094A0 /* CoverStore.swift */; };
		BA346ACBF469E97EDAF54833 /* NovelEngine.swift in Sources */ = {isa = PBXBuildFile; fileRef = EF9F14A9B442ADB731EB1CB3 /* NovelEngine.swift */; };
		BA8D6DA6C5FC74AFC8024B49 /* CoverSync.swift in Sources */ = {isa = PBXBuildFile; fileRef = 98384B24D7EE811294FE8537 /* CoverSync.swift */; };
		BAC9B695C438A052CB84D86C /* DownloadsTests.swift in Sources */ = {isa = PBXBuildFile; fileRef = 252FD68BC30106D4135D8A25 /* DownloadsTests.swift */; };
		BAD88429B4656344C6A84931 /* PageLoader.swift in Sources */ = {isa = PBXBuildFile; fileRef = 336D3CBFDD5F7B32EB852C83 /* PageLoader.swift */; };
		BEAA40F2320606BB7576C613 /* SeriesDetailView.swift in Sources */ = {isa = PBXBuildFile; fileRef = 5555D5C0EF09ED588A0B1735 /* SeriesDetailView.swift */; };
		BF0ECBFFD68B66BE9616AAEE /* AMSMB2 in Frameworks */ = {isa = PBXBuildFile; productRef = EB37802BFD4CF09156555AAF /* AMSMB2 */; };
		C1E90C1EFBB19DF51D14ADA5 /* CoverSearch.swift in Sources */ = {isa = PBXBuildFile; fileRef = D4BBB23D14477800DA91E716 /* CoverSearch.swift */; };
		C36DCC7FDCC629BE85F008AB /* SettingsView.swift in Sources */ = {isa = PBXBuildFile; fileRef = F5C0A5B4D9E3E4BD50609C93 /* SettingsView.swift */; };
		C47243D22DDEFBA4EC57934B /* NovelReaderView.swift in Sources */ = {isa = PBXBuildFile; fileRef = B489CE47BB85964BFF93D2C4 /* NovelReaderView.swift */; };
		C554E07FE1FF9BC78F37B740 /* LibraryView.swift in Sources */ = {isa = PBXBuildFile; fileRef = B975EBDBB03B4433A8AC8B60 /* LibraryView.swift */; };
		C5DE93A3C24FA96049EB9991 /* SourcesView.swift in Sources */ = {isa = PBXBuildFile; fileRef = 7BBDDA3F144FE3640DA2D963 /* SourcesView.swift */; };
		C743992ED21F4D11C8C4D5CD /* LibraryScannerTests.swift in Sources */ = {isa = PBXBuildFile; fileRef = A17AB6483034DA771F4463F6 /* LibraryScannerTests.swift */; };
		CD74E2D67275C4D4494B2968 /* PrivacyTests.swift in Sources */ = {isa = PBXBuildFile; fileRef = 24796FD8CB3E0F662C2447CE /* PrivacyTests.swift */; };
		CDCEF7988033DF75517F4C23 /* MangoApp.swift in Sources */ = {isa = PBXBuildFile; fileRef = BC2AC268EA1C8E1CF75CA368 /* MangoApp.swift */; };
		D0B74C02AECBE96A08821697 /* NASClient.swift in Sources */ = {isa = PBXBuildFile; fileRef = 05BC4E703948F090F1C873A8 /* NASClient.swift */; };
		D1D822EED879532B3C216B32 /* ContinuousReader.swift in Sources */ = {isa = PBXBuildFile; fileRef = 06EDB6EF0D7054153A973A8E /* ContinuousReader.swift */; };
		D495C434078280922149AB10 /* Bookmark.swift in Sources */ = {isa = PBXBuildFile; fileRef = 80D0DD540F9B4F1C140FFFEB /* Bookmark.swift */; };
		D508B82A18D2E1905472B7AF /* ComicArchive.swift in Sources */ = {isa = PBXBuildFile; fileRef = 9274137EF5F45522B05449F0 /* ComicArchive.swift */; };
		D789FF35D794EAD467F8952E /* ReadingProgress.swift in Sources */ = {isa = PBXBuildFile; fileRef = 2974B430DBCFE54A0EF63FD8 /* ReadingProgress.swift */; };
		D79AD8B4E718D3199E07D488 /* PageGridView.swift in Sources */ = {isa = PBXBuildFile; fileRef = D925098055994BDE9E061AF6 /* PageGridView.swift */; };
		D7B44E7622448145958BC5EF /* StarRating.swift in Sources */ = {isa = PBXBuildFile; fileRef = E1DB10EBC6722F798E65631B /* StarRating.swift */; };
		D7D9F2B4F4A47D0C08EA3F9B /* NovelWebView.swift in Sources */ = {isa = PBXBuildFile; fileRef = FCA9CF1BE2FF3B0229B62585 /* NovelWebView.swift */; };
		D85B30966CA0BDE6E553197F /* HiddenItemsView.swift in Sources */ = {isa = PBXBuildFile; fileRef = 5BBA58843B1A01AFA181EEDE /* HiddenItemsView.swift */; };
		DAE9641A13C840AE72FF6BC0 /* CoverPickerView.swift in Sources */ = {isa = PBXBuildFile; fileRef = AD8F2E8E80FB0993478DF232 /* CoverPickerView.swift */; };
		DBC61DFB82845F137593A8DE /* PageImageView.swift in Sources */ = {isa = PBXBuildFile; fileRef = E1EBD15EB842F94ECD940379 /* PageImageView.swift */; };
		DBD6EECE6F0AE36F637744D4 /* LibraryScanner.swift in Sources */ = {isa = PBXBuildFile; fileRef = DDE48EA773EFDE05BA86EDBA /* LibraryScanner.swift */; };
		DC107FE04D876CE44C5A1054 /* ReadingList.swift in Sources */ = {isa = PBXBuildFile; fileRef = 24AB607CC59E94D3095DD417 /* ReadingList.swift */; };
		DFA6C2015E4309917275DD52 /* ReadingActivity.swift in Sources */ = {isa = PBXBuildFile; fileRef = 16AB2B9DB635DEC2B3A243DA /* ReadingActivity.swift */; };
		E49A315243AB05D42E84C95F /* LibraryDedupeTests.swift in Sources */ = {isa = PBXBuildFile; fileRef = 3A85E21BB8D5171D55FE9A20 /* LibraryDedupeTests.swift */; };
		E7069418E3CF5585BBDAECFC /* MarginTrimmerTests.swift in Sources */ = {isa = PBXBuildFile; fileRef = 24D0F4847A2646436DBCAACE /* MarginTrimmerTests.swift */; };
		E7FAD448E27D74B868922398 /* LibraryModel+Queries.swift in Sources */ = {isa = PBXBuildFile; fileRef = 64D1437EE22CDECEFBB9EDBE /* LibraryModel+Queries.swift */; };
		E7FF7F3B09A83CA8D98826BC /* SeriesGrouper.swift in Sources */ = {isa = PBXBuildFile; fileRef = 945AA080C5059CBFA8EC193E /* SeriesGrouper.swift */; };
		F192315A3D6C9D600E16B297 /* ImageFileTypes.swift in Sources */ = {isa = PBXBuildFile; fileRef = ED7B90B431D4C975A4C010D5 /* ImageFileTypes.swift */; };
		F23E2E8C735C360AB2DFD6B6 /* BookmarksRatingsLogTests.swift in Sources */ = {isa = PBXBuildFile; fileRef = 6A3054D3D409674E41BCE15F /* BookmarksRatingsLogTests.swift */; };
		F4658901017BF69227830D16 /* SeriesGrouperTests.swift in Sources */ = {isa = PBXBuildFile; fileRef = A37D48E73BCEFA724CD45ED4 /* SeriesGrouperTests.swift */; };
		F671A4C5396FF5D5973042F2 /* DuplicateFinderTests.swift in Sources */ = {isa = PBXBuildFile; fileRef = D730F7D8E2A6D38421BBD0BC /* DuplicateFinderTests.swift */; };
		F834E24DE42FF0DC0F478326 /* ZoomableView.swift in Sources */ = {isa = PBXBuildFile; fileRef = 325D381D34D7FDA3BB22F566 /* ZoomableView.swift */; };
		F86266D17CFBADAF76695AFD /* CloudSync.swift in Sources */ = {isa = PBXBuildFile; fileRef = AD201397AB812D1815FF5F92 /* CloudSync.swift */; };
		FBB6D102DE72D9500464C1F6 /* NameParser.swift in Sources */ = {isa = PBXBuildFile; fileRef = 0674DA6233904BF286B3A1E2 /* NameParser.swift */; };
		FC7383447342ABBD4774B565 /* ArchiveOpener.swift in Sources */ = {isa = PBXBuildFile; fileRef = 8199D18DD8F5F1A7499262DE /* ArchiveOpener.swift */; };
		FD6358CECEDB5760D6F825D0 /* GoalEditor.swift in Sources */ = {isa = PBXBuildFile; fileRef = A98CDFC6AEDF0059741C1FDF /* GoalEditor.swift */; };
		FED26FB01685151FF5FB5E59 /* EPUBSchemeHandler.swift in Sources */ = {isa = PBXBuildFile; fileRef = E60A997093BFA7B394CEE8B8 /* EPUBSchemeHandler.swift */; };
/* End PBXBuildFile section */

/* Begin PBXContainerItemProxy section */
		390755533FC4D12F2698F3A0 /* PBXContainerItemProxy */ = {
			isa = PBXContainerItemProxy;
			containerPortal = 9C2AB174B4069E5F7FE671C5 /* Project object */;
			proxyType = 1;
			remoteGlobalIDString = CC80118A5EA8519746A95791;
			remoteInfo = MangoWidgets;
		};
		C0A62AE2076D1F03C72F3DFA /* PBXContainerItemProxy */ = {
			isa = PBXContainerItemProxy;
			containerPortal = 9C2AB174B4069E5F7FE671C5 /* Project object */;
			proxyType = 1;
			remoteGlobalIDString = 202225BD3ACB623A31F74018;
			remoteInfo = Mango;
		};
/* End PBXContainerItemProxy section */

/* Begin PBXCopyFilesBuildPhase section */
		9CBC79D41CED9D7AE7A7552C /* Embed Frameworks */ = {
			isa = PBXCopyFilesBuildPhase;
			buildActionMask = 2147483647;
			dstPath = "";
			dstSubfolderSpec = 10;
			files = (
				95E2B807D3B7DD6060F851C8 /* AMSMB2 in Embed Frameworks */,
			);
			name = "Embed Frameworks";
			runOnlyForDeploymentPostprocessing = 0;
		};
		AA3CF53C8380D8B721266CC4 /* Embed Foundation Extensions */ = {
			isa = PBXCopyFilesBuildPhase;
			buildActionMask = 2147483647;
			dstPath = "";
			dstSubfolderSpec = 13;
			files = (
				B7113CCB8D571D312FC862AF /* MangoWidgets.appex in Embed Foundation Extensions */,
			);
			name = "Embed Foundation Extensions";
			runOnlyForDeploymentPostprocessing = 0;
		};
/* End PBXCopyFilesBuildPhase section */

/* Begin PBXFileReference section */
		02083CFB7F3AD3BA8B59208A /* SeriesGroupViews.swift */ = {isa = PBXFileReference; lastKnownFileType = sourcecode.swift; path = SeriesGroupViews.swift; sourceTree = "<group>"; };
		02FBB3EBD95E817A4A91C379 /* Medium.swift */ = {isa = PBXFileReference; lastKnownFileType = sourcecode.swift; path = Medium.swift; sourceTree = "<group>"; };
		05BC4E703948F090F1C873A8 /* NASClient.swift */ = {isa = PBXFileReference; lastKnownFileType = sourcecode.swift; path = NASClient.swift; sourceTree = "<group>"; };
		05BCE119D2A7CE7085E5991E /* DuplicateFinder.swift */ = {isa = PBXFileReference; lastKnownFileType = sourcecode.swift; path = DuplicateFinder.swift; sourceTree = "<group>"; };
		0674DA6233904BF286B3A1E2 /* NameParser.swift */ = {isa = PBXFileReference; lastKnownFileType = sourcecode.swift; path = NameParser.swift; sourceTree = "<group>"; };
		06EDB6EF0D7054153A973A8E /* ContinuousReader.swift */ = {isa = PBXFileReference; lastKnownFileType = sourcecode.swift; path = ContinuousReader.swift; sourceTree = "<group>"; };
		073BBB322EC45206B49B0383 /* DuplicatesView.swift */ = {isa = PBXFileReference; lastKnownFileType = sourcecode.swift; path = DuplicatesView.swift; sourceTree = "<group>"; };
		0FA3F1880AC3E6DA5066E838 /* MangoWidgets.appex */ = {isa = PBXFileReference; includeInIndex = 0; lastKnownFileType = "wrapper.app-extension"; path = MangoWidgets.appex; sourceTree = BUILT_PRODUCTS_DIR; };
		10898A6A4BEC764BED0CA4C3 /* PagedReader.swift */ = {isa = PBXFileReference; lastKnownFileType = sourcecode.swift; path = PagedReader.swift; sourceTree = "<group>"; };
		16AB2B9DB635DEC2B3A243DA /* ReadingActivity.swift */ = {isa = PBXFileReference; lastKnownFileType = sourcecode.swift; path = ReadingActivity.swift; sourceTree = "<group>"; };
		17B9A316341A29ECD770C9B3 /* LibraryStore.swift */ = {isa = PBXFileReference; lastKnownFileType = sourcecode.swift; path = LibraryStore.swift; sourceTree = "<group>"; };
		1CF622583A273B4A3A99D811 /* ProgressBar.swift */ = {isa = PBXFileReference; lastKnownFileType = sourcecode.swift; path = ProgressBar.swift; sourceTree = "<group>"; };
		1F610E7EDD1348C0A2FBA953 /* CoverSyncTests.swift */ = {isa = PBXFileReference; lastKnownFileType = sourcecode.swift; path = CoverSyncTests.swift; sourceTree = "<group>"; };
		214D4908892151334CD4F41C /* ContinueReadingWidget.swift */ = {isa = PBXFileReference; lastKnownFileType = sourcecode.swift; path = ContinueReadingWidget.swift; sourceTree = "<group>"; };
		24582C9B3FB171CAA7A01A15 /* LocalMove.swift */ = {isa = PBXFileReference; lastKnownFileType = sourcecode.swift; path = LocalMove.swift; sourceTree = "<group>"; };
		24796FD8CB3E0F662C2447CE /* PrivacyTests.swift */ = {isa = PBXFileReference; lastKnownFileType = sourcecode.swift; path = PrivacyTests.swift; sourceTree = "<group>"; };
		24AB607CC59E94D3095DD417 /* ReadingList.swift */ = {isa = PBXFileReference; lastKnownFileType = sourcecode.swift; path = ReadingList.swift; sourceTree = "<group>"; };
		24D0F4847A2646436DBCAACE /* MarginTrimmerTests.swift */ = {isa = PBXFileReference; lastKnownFileType = sourcecode.swift; path = MarginTrimmerTests.swift; sourceTree = "<group>"; };
		252FD68BC30106D4135D8A25 /* DownloadsTests.swift */ = {isa = PBXFileReference; lastKnownFileType = sourcecode.swift; path = DownloadsTests.swift; sourceTree = "<group>"; };
		286002CD921891FB1A7F3E6D /* ZipComicArchive.swift */ = {isa = PBXFileReference; lastKnownFileType = sourcecode.swift; path = ZipComicArchive.swift; sourceTree = "<group>"; };
		2924E7D9DA58A7E2B49E2593 /* RandomAccessReader.swift */ = {isa = PBXFileReference; lastKnownFileType = sourcecode.swift; path = RandomAccessReader.swift; sourceTree = "<group>"; };
		2974B430DBCFE54A0EF63FD8 /* ReadingProgress.swift */ = {isa = PBXFileReference; lastKnownFileType = sourcecode.swift; path = ReadingProgress.swift; sourceTree = "<group>"; };
		2C9630492B5EBB059EB50BD9 /* Mango.entitlements */ = {isa = PBXFileReference; lastKnownFileType = text.plist.entitlements; path = Mango.entitlements; sourceTree = "<group>"; };
		325D381D34D7FDA3BB22F566 /* ZoomableView.swift */ = {isa = PBXFileReference; lastKnownFileType = sourcecode.swift; path = ZoomableView.swift; sourceTree = "<group>"; };
		336D3CBFDD5F7B32EB852C83 /* PageLoader.swift */ = {isa = PBXFileReference; lastKnownFileType = sourcecode.swift; path = PageLoader.swift; sourceTree = "<group>"; };
		35EB44A035C4ED4C1C8A9A59 /* ActivityViews.swift */ = {isa = PBXFileReference; lastKnownFileType = sourcecode.swift; path = ActivityViews.swift; sourceTree = "<group>"; };
		362D971ABFBB071048A85123 /* ReaderControls.swift */ = {isa = PBXFileReference; lastKnownFileType = sourcecode.swift; path = ReaderControls.swift; sourceTree = "<group>"; };
		3651C7A2C034113FC75C60B6 /* ImageDecoder.swift */ = {isa = PBXFileReference; lastKnownFileType = sourcecode.swift; path = ImageDecoder.swift; sourceTree = "<group>"; };
		36AC28FAAD4AF3A319F39B7F /* ReaderView.swift */ = {isa = PBXFileReference; lastKnownFileType = sourcecode.swift; path = ReaderView.swift; sourceTree = "<group>"; };
		36F6B9D51275E0B99177B0FE /* MarginTrimmer.swift */ = {isa = PBXFileReference; lastKnownFileType = sourcecode.swift; path = MarginTrimmer.swift; sourceTree = "<group>"; };
		38F577D1086DFE59CA7E30B2 /* EditComicView.swift */ = {isa = PBXFileReference; lastKnownFileType = sourcecode.swift; path = EditComicView.swift; sourceTree = "<group>"; };
		3A85E21BB8D5171D55FE9A20 /* LibraryDedupeTests.swift */ = {isa = PBXFileReference; lastKnownFileType = sourcecode.swift; path = LibraryDedupeTests.swift; sourceTree = "<group>"; };
		3E27F957B80DBF4AABBD2C6F /* ZipReaderTests.swift */ = {isa = PBXFileReference; lastKnownFileType = sourcecode.swift; path = ZipReaderTests.swift; sourceTree = "<group>"; };
		3EED7A5A833B0ECB7558CAD1 /* Assets.xcassets */ = {isa = PBXFileReference; lastKnownFileType = folder.assetcatalog; path = Assets.xcassets; sourceTree = "<group>"; };
		42485FBA788C6193A9316BE4 /* Logger+Mango.swift */ = {isa = PBXFileReference; lastKnownFileType = sourcecode.swift; path = "Logger+Mango.swift"; sourceTree = "<group>"; };
		44619CC2962880BD4E8D99E1 /* RootView.swift */ = {isa = PBXFileReference; lastKnownFileType = sourcecode.swift; path = RootView.swift; sourceTree = "<group>"; };
		4B06416E4617517422661FDB /* ActivityTests.swift */ = {isa = PBXFileReference; lastKnownFileType = sourcecode.swift; path = ActivityTests.swift; sourceTree = "<group>"; };
		4B776B2F21827D7431E5CBFA /* Formatting.swift */ = {isa = PBXFileReference; lastKnownFileType = sourcecode.swift; path = Formatting.swift; sourceTree = "<group>"; };
		511423CB28C41497EDEC78FA /* ReadingStats.swift */ = {isa = PBXFileReference; lastKnownFileType = sourcecode.swift; path = ReadingStats.swift; sourceTree = "<group>"; };
		554E34BEBB5365E89EC8B980 /* TransferManager.swift */ = {isa = PBXFileReference; lastKnownFileType = sourcecode.swift; path = TransferManager.swift; sourceTree = "<group>"; };
		5555D5C0EF09ED588A0B1735 /* SeriesDetailView.swift */ = {isa = PBXFileReference; lastKnownFileType = sourcecode.swift; path = SeriesDetailView.swift; sourceTree = "<group>"; };
		56CE48B6D8D5E95D44165066 /* Comic.swift */ = {isa = PBXFileReference; lastKnownFileType = sourcecode.swift; path = Comic.swift; sourceTree = "<group>"; };
		59A997DD640808822EC0749B /* ReaderRouter.swift */ = {isa = PBXFileReference; lastKnownFileType = sourcecode.swift; path = ReaderRouter.swift; sourceTree = "<group>"; };
		59DED834948B52DAB8B08E36 /* ReaderEngine.swift */ = {isa = PBXFileReference; lastKnownFileType = sourcecode.swift; path = ReaderEngine.swift; sourceTree = "<group>"; };
		5BBA58843B1A01AFA181EEDE /* HiddenItemsView.swift */ = {isa = PBXFileReference; lastKnownFileType = sourcecode.swift; path = HiddenItemsView.swift; sourceTree = "<group>"; };
		62E2977C1BEE925EC6FC8241 /* CoverView.swift */ = {isa = PBXFileReference; lastKnownFileType = sourcecode.swift; path = CoverView.swift; sourceTree = "<group>"; };
		64D1437EE22CDECEFBB9EDBE /* LibraryModel+Queries.swift */ = {isa = PBXFileReference; lastKnownFileType = sourcecode.swift; path = "LibraryModel+Queries.swift"; sourceTree = "<group>"; };
		64DA8C0B607CD4E583D0C856 /* Mango.app */ = {isa = PBXFileReference; includeInIndex = 0; lastKnownFileType = wrapper.application; path = Mango.app; sourceTree = BUILT_PRODUCTS_DIR; };
		675C49B2604403BA05EECC26 /* LibraryDedupe.swift */ = {isa = PBXFileReference; lastKnownFileType = sourcecode.swift; path = LibraryDedupe.swift; sourceTree = "<group>"; };
		6A3054D3D409674E41BCE15F /* BookmarksRatingsLogTests.swift */ = {isa = PBXFileReference; lastKnownFileType = sourcecode.swift; path = BookmarksRatingsLogTests.swift; sourceTree = "<group>"; };
		6D51D5B1DE8F484A69F39007 /* LibraryState.swift */ = {isa = PBXFileReference; lastKnownFileType = sourcecode.swift; path = LibraryState.swift; sourceTree = "<group>"; };
		6E6E70FA8B2118AFE3D7C496 /* LibraryStateCompatTests.swift */ = {isa = PBXFileReference; lastKnownFileType = sourcecode.swift; path = LibraryStateCompatTests.swift; sourceTree = "<group>"; };
		74FC0AD5C92133DC59D9BEC8 /* CoverSearchTests.swift */ = {isa = PBXFileReference; lastKnownFileType = sourcecode.swift; path = CoverSearchTests.swift; sourceTree = "<group>"; };
		76612A65E1B788AC439B8339 /* LogBookView.swift */ = {isa = PBXFileReference; lastKnownFileType = sourcecode.swift; path = LogBookView.swift; sourceTree = "<group>"; };
		76EAFA568AFDF3AD92E89998 /* ReadingListTests.swift */ = {isa = PBXFileReference; lastKnownFileType = sourcecode.swift; path = ReadingListTests.swift; sourceTree = "<group>"; };
		77E0E229B6BDC8A18EEF6650 /* LibraryModel+Duplicates.swift */ = {isa = PBXFileReference; lastKnownFileType = sourcecode.swift; path = "LibraryModel+Duplicates.swift"; sourceTree = "<group>"; };
		78276097E6A829F0AC4CD49D /* EPUBParserTests.swift */ = {isa = PBXFileReference; lastKnownFileType = sourcecode.swift; path = EPUBParserTests.swift; sourceTree = "<group>"; };
		7BBDDA3F144FE3640DA2D963 /* SourcesView.swift */ = {isa = PBXFileReference; lastKnownFileType = sourcecode.swift; path = SourcesView.swift; sourceTree = "<group>"; };
		7D348EDD539760C9C3EF1F66 /* PrivacyInfo.xcprivacy */ = {isa = PBXFileReference; path = PrivacyInfo.xcprivacy; sourceTree = "<group>"; };
		7F5450C5A73CDBFBAA98F597 /* LibraryModel+Privacy.swift */ = {isa = PBXFileReference; lastKnownFileType = sourcecode.swift; path = "LibraryModel+Privacy.swift"; sourceTree = "<group>"; };
		8032DD585DFFCB579BB094A0 /* CoverStore.swift */ = {isa = PBXFileReference; lastKnownFileType = sourcecode.swift; path = CoverStore.swift; sourceTree = "<group>"; };
		80D0DD540F9B4F1C140FFFEB /* Bookmark.swift */ = {isa = PBXFileReference; lastKnownFileType = sourcecode.swift; path = Bookmark.swift; sourceTree = "<group>"; };
		8199D18DD8F5F1A7499262DE /* ArchiveOpener.swift */ = {isa = PBXFileReference; lastKnownFileType = sourcecode.swift; path = ArchiveOpener.swift; sourceTree = "<group>"; };
		831192869B849F61B5BBA974 /* Debug.xcconfig */ = {isa = PBXFileReference; lastKnownFileType = text.xcconfig; path = Debug.xcconfig; sourceTree = "<group>"; };
		8323EA12C42BC791D2DA5AE2 /* LibraryModel+Downloads.swift */ = {isa = PBXFileReference; lastKnownFileType = sourcecode.swift; path = "LibraryModel+Downloads.swift"; sourceTree = "<group>"; };
		850C21986BD7FEAF69E55374 /* ComicInfo.swift */ = {isa = PBXFileReference; lastKnownFileType = sourcecode.swift; path = ComicInfo.swift; sourceTree = "<group>"; };
		85896BCF84AE73C557A0C71E /* SourceBrowserView.swift */ = {isa = PBXFileReference; lastKnownFileType = sourcecode.swift; path = SourceBrowserView.swift; sourceTree = "<group>"; };
		85921FD3FFCD762D8FA54844 /* ReadingProgressTests.swift */ = {isa = PBXFileReference; lastKnownFileType = sourcecode.swift; path = ReadingProgressTests.swift; sourceTree = "<group>"; };
		8D3284629D6CAAA335706A95 /* FolderComicArchive.swift */ = {isa = PBXFileReference; lastKnownFileType = sourcecode.swift; path = FolderComicArchive.swift; sourceTree = "<group>"; };
		91901981DD7DA76063F12867 /* Series.swift */ = {isa = PBXFileReference; lastKnownFileType = sourcecode.swift; path = Series.swift; sourceTree = "<group>"; };
		9274137EF5F45522B05449F0 /* ComicArchive.swift */ = {isa = PBXFileReference; lastKnownFileType = sourcecode.swift; path = ComicArchive.swift; sourceTree = "<group>"; };
		92EAE70E7EBF6C31A130572A /* AppEnvironment.swift */ = {isa = PBXFileReference; lastKnownFileType = sourcecode.swift; path = AppEnvironment.swift; sourceTree = "<group>"; };
		945AA080C5059CBFA8EC193E /* SeriesGrouper.swift */ = {isa = PBXFileReference; lastKnownFileType = sourcecode.swift; path = SeriesGrouper.swift; sourceTree = "<group>"; };
		98384B24D7EE811294FE8537 /* CoverSync.swift */ = {isa = PBXFileReference; lastKnownFileType = sourcecode.swift; path = CoverSync.swift; sourceTree = "<group>"; };
		998EB466840EB739C25A87CF /* LibraryModel+Lists.swift */ = {isa = PBXFileReference; lastKnownFileType = sourcecode.swift; path = "LibraryModel+Lists.swift"; sourceTree = "<group>"; };
		9AEDD8030A8DCEF4BB0FD04A /* ActivityStats.swift */ = {isa = PBXFileReference; lastKnownFileType = sourcecode.swift; path = ActivityStats.swift; sourceTree = "<group>"; };
		A17AB6483034DA771F4463F6 /* LibraryScannerTests.swift */ = {isa = PBXFileReference; lastKnownFileType = sourcecode.swift; path = LibraryScannerTests.swift; sourceTree = "<group>"; };
		A26C4AE90A771FAA6E3435BF /* SeriesLookupView.swift */ = {isa = PBXFileReference; lastKnownFileType = sourcecode.swift; path = SeriesLookupView.swift; sourceTree = "<group>"; };
		A2A384731307B7811C0770F0 /* LibrarySource.swift */ = {isa = PBXFileReference; lastKnownFileType = sourcecode.swift; path = LibrarySource.swift; sourceTree = "<group>"; };
		A2B84550A723DC7845833093 /* TallPageTests.swift */ = {isa = PBXFileReference; lastKnownFileType = sourcecode.swift; path = TallPageTests.swift; sourceTree = "<group>"; };
		A37D48E73BCEFA724CD45ED4 /* SeriesGrouperTests.swift */ = {isa = PBXFileReference; lastKnownFileType = sourcecode.swift; path = SeriesGrouperTests.swift; sourceTree = "<group>"; };
		A776A38F05557D1EB3700C43 /* ProgressSync.swift */ = {isa = PBXFileReference; lastKnownFileType = sourcecode.swift; path = ProgressSync.swift; sourceTree = "<group>"; };
		A7E6FB1934259E6CD959E312 /* LibraryModel+Covers.swift */ = {isa = PBXFileReference; lastKnownFileType = sourcecode.swift; path = "LibraryModel+Covers.swift"; sourceTree = "<group>"; };
		A8390791BBCCC9E5AF85AA31 /* EPUBDocument.swift */ = {isa = PBXFileReference; lastKnownFileType = sourcecode.swift; path = EPUBDocument.swift; sourceTree = "<group>"; };
		A84CF8003C37EFD05A28B5CF /* KeychainStore.swift */ = {isa = PBXFileReference; lastKnownFileType = sourcecode.swift; path = KeychainStore.swift; sourceTree = "<group>"; };
		A9037BD33E0B51EF3CAA5226 /* LibraryModel.swift */ = {isa = PBXFileReference; lastKnownFileType = sourcecode.swift; path = LibraryModel.swift; sourceTree = "<group>"; };
		A98CDFC6AEDF0059741C1FDF /* GoalEditor.swift */ = {isa = PBXFileReference; lastKnownFileType = sourcecode.swift; path = GoalEditor.swift; sourceTree = "<group>"; };
		AB67B9882FA01B52EB157A50 /* LibraryModel+Cloud.swift */ = {isa = PBXFileReference; lastKnownFileType = sourcecode.swift; path = "LibraryModel+Cloud.swift"; sourceTree = "<group>"; };
		AD201397AB812D1815FF5F92 /* CloudSync.swift */ = {isa = PBXFileReference; lastKnownFileType = sourcecode.swift; path = CloudSync.swift; sourceTree = "<group>"; };
		AD8F2E8E80FB0993478DF232 /* CoverPickerView.swift */ = {isa = PBXFileReference; lastKnownFileType = sourcecode.swift; path = CoverPickerView.swift; sourceTree = "<group>"; };
		B06B9CBA09D73930A4A09130 /* AppSettings.swift */ = {isa = PBXFileReference; lastKnownFileType = sourcecode.swift; path = AppSettings.swift; sourceTree = "<group>"; };
		B489CE47BB85964BFF93D2C4 /* NovelReaderView.swift */ = {isa = PBXFileReference; lastKnownFileType = sourcecode.swift; path = NovelReaderView.swift; sourceTree = "<group>"; };
		B735B2CD88FDF644B2D5BA90 /* ReadingListViews.swift */ = {isa = PBXFileReference; lastKnownFileType = sourcecode.swift; path = ReadingListViews.swift; sourceTree = "<group>"; };
		B975EBDBB03B4433A8AC8B60 /* LibraryView.swift */ = {isa = PBXFileReference; lastKnownFileType = sourcecode.swift; path = LibraryView.swift; sourceTree = "<group>"; };
		BA405EC9A776C2390E20E31B /* ReaderOptions.swift */ = {isa = PBXFileReference; lastKnownFileType = sourcecode.swift; path = ReaderOptions.swift; sourceTree = "<group>"; };
		BB8F0D00CBE3A4C34A9C6523 /* ZipReader.swift */ = {isa = PBXFileReference; lastKnownFileType = sourcecode.swift; path = ZipReader.swift; sourceTree = "<group>"; };
		BC2AC268EA1C8E1CF75CA368 /* MangoApp.swift */ = {isa = PBXFileReference; lastKnownFileType = sourcecode.swift; path = MangoApp.swift; sourceTree = "<group>"; };
		BC2EFD6C20BA6E555039AFAA /* ProgressSyncTests.swift */ = {isa = PBXFileReference; lastKnownFileType = sourcecode.swift; path = ProgressSyncTests.swift; sourceTree = "<group>"; };
		C1E84DFA84ABCFCD7B9EED53 /* ZipTestBuilder.swift */ = {isa = PBXFileReference; lastKnownFileType = sourcecode.swift; path = ZipTestBuilder.swift; sourceTree = "<group>"; };
		C70EF425E4FF75BB5101480D /* MangoWidgets.entitlements */ = {isa = PBXFileReference; lastKnownFileType = text.plist.entitlements; path = MangoWidgets.entitlements; sourceTree = "<group>"; };
		CAD101EBBCAB3F82E3801B42 /* SeriesGrouping.swift */ = {isa = PBXFileReference; lastKnownFileType = sourcecode.swift; path = SeriesGrouping.swift; sourceTree = "<group>"; };
		CDF73065EA58599FC6B69E2F /* LibraryModel+Outside.swift */ = {isa = PBXFileReference; lastKnownFileType = sourcecode.swift; path = "LibraryModel+Outside.swift"; sourceTree = "<group>"; };
		CE47EE3C1EA02385C3A31110 /* ComicInfoTests.swift */ = {isa = PBXFileReference; lastKnownFileType = sourcecode.swift; path = ComicInfoTests.swift; sourceTree = "<group>"; };
		CE60B793852685818B543F0A /* EPUBPackage.swift */ = {isa = PBXFileReference; lastKnownFileType = sourcecode.swift; path = EPUBPackage.swift; sourceTree = "<group>"; };
		D0BCBE724BC92E84C93A4BEF /* SeriesLookup.swift */ = {isa = PBXFileReference; lastKnownFileType = sourcecode.swift; path = SeriesLookup.swift; sourceTree = "<group>"; };
		D4BBB23D14477800DA91E716 /* CoverSearch.swift */ = {isa = PBXFileReference; lastKnownFileType = sourcecode.swift; path = CoverSearch.swift; sourceTree = "<group>"; };
		D730F7D8E2A6D38421BBD0BC /* DuplicateFinderTests.swift */ = {isa = PBXFileReference; lastKnownFileType = sourcecode.swift; path = DuplicateFinderTests.swift; sourceTree = "<group>"; };
		D925098055994BDE9E061AF6 /* PageGridView.swift */ = {isa = PBXFileReference; lastKnownFileType = sourcecode.swift; path = PageGridView.swift; sourceTree = "<group>"; };
		DA84693BDBFE301D5B451EE1 /* SpreadLayout.swift */ = {isa = PBXFileReference; lastKnownFileType = sourcecode.swift; path = SpreadLayout.swift; sourceTree = "<group>"; };
		DDE48EA773EFDE05BA86EDBA /* LibraryScanner.swift */ = {isa = PBXFileReference; lastKnownFileType = sourcecode.swift; path = LibraryScanner.swift; sourceTree = "<group>"; };
		E1DB10EBC6722F798E65631B /* StarRating.swift */ = {isa = PBXFileReference; lastKnownFileType = sourcecode.swift; path = StarRating.swift; sourceTree = "<group>"; };
		E1EBD15EB842F94ECD940379 /* PageImageView.swift */ = {isa = PBXFileReference; lastKnownFileType = sourcecode.swift; path = PageImageView.swift; sourceTree = "<group>"; };
		E2F566B617E174309B35650D /* ComicOverride.swift */ = {isa = PBXFileReference; lastKnownFileType = sourcecode.swift; path = ComicOverride.swift; sourceTree = "<group>"; };
		E57AF5756D814DC395CD5C15 /* NASSetupView.swift */ = {isa = PBXFileReference; lastKnownFileType = sourcecode.swift; path = NASSetupView.swift; sourceTree = "<group>"; };
		E60A997093BFA7B394CEE8B8 /* EPUBSchemeHandler.swift */ = {isa = PBXFileReference; lastKnownFileType = sourcecode.swift; path = EPUBSchemeHandler.swift; sourceTree = "<group>"; };
		EB90731D0ADEC569ABD5A528 /* FormattingTests.swift */ = {isa = PBXFileReference; lastKnownFileType = sourcecode.swift; path = FormattingTests.swift; sourceTree = "<group>"; };
		ED7B90B431D4C975A4C010D5 /* ImageFileTypes.swift */ = {isa = PBXFileReference; lastKnownFileType = sourcecode.swift; path = ImageFileTypes.swift; sourceTree = "<group>"; };
		EF9F14A9B442ADB731EB1CB3 /* NovelEngine.swift */ = {isa = PBXFileReference; lastKnownFileType = sourcecode.swift; path = NovelEngine.swift; sourceTree = "<group>"; };
		F1FE7A94B46C464EFF6CC7AE /* ReadingSnapshot.swift */ = {isa = PBXFileReference; lastKnownFileType = sourcecode.swift; path = ReadingSnapshot.swift; sourceTree = "<group>"; };
		F32BE28E382903FEDB78351D /* SeriesGroupingTests.swift */ = {isa = PBXFileReference; lastKnownFileType = sourcecode.swift; path = SeriesGroupingTests.swift; sourceTree = "<group>"; };
		F341DFF93C61C4717B8FD196 /* MangoTests.xctest */ = {isa = PBXFileReference; includeInIndex = 0; lastKnownFileType = wrapper.cfbundle; path = MangoTests.xctest; sourceTree = BUILT_PRODUCTS_DIR; };
		F51A4C22B927834AC3B1622C /* MangoIntents.swift */ = {isa = PBXFileReference; lastKnownFileType = sourcecode.swift; path = MangoIntents.swift; sourceTree = "<group>"; };
		F52D0CAEDB8A0D5F8C47A96A /* Release.xcconfig */ = {isa = PBXFileReference; lastKnownFileType = text.xcconfig; path = Release.xcconfig; sourceTree = "<group>"; };
		F5C0A5B4D9E3E4BD50609C93 /* SettingsView.swift */ = {isa = PBXFileReference; lastKnownFileType = sourcecode.swift; path = SettingsView.swift; sourceTree = "<group>"; };
		F6F5D9E84E508B70474844C0 /* NameParserTests.swift */ = {isa = PBXFileReference; lastKnownFileType = sourcecode.swift; path = NameParserTests.swift; sourceTree = "<group>"; };
		F88DA7CD560BCF2F67B60623 /* StatsView.swift */ = {isa = PBXFileReference; lastKnownFileType = sourcecode.swift; path = StatsView.swift; sourceTree = "<group>"; };
		FCA9CF1BE2FF3B0229B62585 /* NovelWebView.swift */ = {isa = PBXFileReference; lastKnownFileType = sourcecode.swift; path = NovelWebView.swift; sourceTree = "<group>"; };
		FCB12047A308E5CF1ED6CE8E /* SpreadLayoutTests.swift */ = {isa = PBXFileReference; lastKnownFileType = sourcecode.swift; path = SpreadLayoutTests.swift; sourceTree = "<group>"; };
		FE2E02F00476CBFC607C9E1F /* PDFComicArchive.swift */ = {isa = PBXFileReference; lastKnownFileType = sourcecode.swift; path = PDFComicArchive.swift; sourceTree = "<group>"; };
		FFE20452C2A13AFEDE3B5B5A /* LocalMoveTests.swift */ = {isa = PBXFileReference; lastKnownFileType = sourcecode.swift; path = LocalMoveTests.swift; sourceTree = "<group>"; };
/* End PBXFileReference section */

/* Begin PBXFrameworksBuildPhase section */
		A4436EDE4FC6BB6F4A4A023A /* Frameworks */ = {
			isa = PBXFrameworksBuildPhase;
			buildActionMask = 2147483647;
			files = (
				BF0ECBFFD68B66BE9616AAEE /* AMSMB2 in Frameworks */,
				5591D5757573FE932A676B8A /* ShelfKit in Frameworks */,
			);
			runOnlyForDeploymentPostprocessing = 0;
		};
/* End PBXFrameworksBuildPhase section */

/* Begin PBXGroup section */
		063CED13A16BA7F7AD97A8FA /* Reader */ = {
			isa = PBXGroup;
			children = (
				06EDB6EF0D7054153A973A8E /* ContinuousReader.swift */,
				B489CE47BB85964BFF93D2C4 /* NovelReaderView.swift */,
				FCA9CF1BE2FF3B0229B62585 /* NovelWebView.swift */,
				10898A6A4BEC764BED0CA4C3 /* PagedReader.swift */,
				D925098055994BDE9E061AF6 /* PageGridView.swift */,
				E1EBD15EB842F94ECD940379 /* PageImageView.swift */,
				362D971ABFBB071048A85123 /* ReaderControls.swift */,
				59A997DD640808822EC0749B /* ReaderRouter.swift */,
				36AC28FAAD4AF3A319F39B7F /* ReaderView.swift */,
			);
			path = Reader;
			sourceTree = "<group>";
		};
		14B6E61C4D74694EBD23B616 /* Services */ = {
			isa = PBXGroup;
			children = (
				BB40DE1397B1782534319A8E /* Archive */,
				3402F743FCCB0B6D41ED3CE5 /* Library */,
				4C78E39B195BD0F7DB2BAA5A /* Network */,
				20F83A7F5ADB4999827D49F0 /* Reader */,
			);
			path = Services;
			sourceTree = "<group>";
		};
		15526783FDA1EEFDA5E41EEE = {
			isa = PBXGroup;
			children = (
				7FE655452027D1F282EBDD72 /* Config */,
				17F3F85E8638D88274026E24 /* Mango */,
				9C8024C72D85BB132CBE0262 /* MangoTests */,
				477D1A277307BE3A625BB27A /* MangoWidgets */,
				3359FDFE06AD9418967FF6DA /* Shared */,
				A53A1A12C85C34628D70C4C7 /* Products */,
			);
			sourceTree = "<group>";
		};
		17F3F85E8638D88274026E24 /* Mango */ = {
			isa = PBXGroup;
			children = (
				9E79138B86DA817418B5A161 /* App */,
				54524ECCCABDF3896AEF0EF4 /* Extensions */,
				84A6B872F2F78AD610872EBF /* Models */,
				EDE6E4D27CB0E125EA1C4762 /* Resources */,
				14B6E61C4D74694EBD23B616 /* Services */,
				65D37ACF7C0957242C6A53D3 /* Views */,
			);
			path = Mango;
			sourceTree = "<group>";
		};
		20F83A7F5ADB4999827D49F0 /* Reader */ = {
			isa = PBXGroup;
			children = (
				E60A997093BFA7B394CEE8B8 /* EPUBSchemeHandler.swift */,
				EF9F14A9B442ADB731EB1CB3 /* NovelEngine.swift */,
				336D3CBFDD5F7B32EB852C83 /* PageLoader.swift */,
				59DED834948B52DAB8B08E36 /* ReaderEngine.swift */,
				DA84693BDBFE301D5B451EE1 /* SpreadLayout.swift */,
			);
			path = Reader;
			sourceTree = "<group>";
		};
		29AB9E16D58AC21E7D757F65 /* Library */ = {
			isa = PBXGroup;
			children = (
				AD8F2E8E80FB0993478DF232 /* CoverPickerView.swift */,
				38F577D1086DFE59CA7E30B2 /* EditComicView.swift */,
				B975EBDBB03B4433A8AC8B60 /* LibraryView.swift */,
				B735B2CD88FDF644B2D5BA90 /* ReadingListViews.swift */,
				5555D5C0EF09ED588A0B1735 /* SeriesDetailView.swift */,
				02083CFB7F3AD3BA8B59208A /* SeriesGroupViews.swift */,
				A26C4AE90A771FAA6E3435BF /* SeriesLookupView.swift */,
			);
			path = Library;
			sourceTree = "<group>";
		};
		3359FDFE06AD9418967FF6DA /* Shared */ = {
			isa = PBXGroup;
			children = (
				F1FE7A94B46C464EFF6CC7AE /* ReadingSnapshot.swift */,
			);
			path = Shared;
			sourceTree = "<group>";
		};
		3402F743FCCB0B6D41ED3CE5 /* Library */ = {
			isa = PBXGroup;
			children = (
				AD201397AB812D1815FF5F92 /* CloudSync.swift */,
				D4BBB23D14477800DA91E716 /* CoverSearch.swift */,
				8032DD585DFFCB579BB094A0 /* CoverStore.swift */,
				98384B24D7EE811294FE8537 /* CoverSync.swift */,
				05BCE119D2A7CE7085E5991E /* DuplicateFinder.swift */,
				675C49B2604403BA05EECC26 /* LibraryDedupe.swift */,
				A9037BD33E0B51EF3CAA5226 /* LibraryModel.swift */,
				AB67B9882FA01B52EB157A50 /* LibraryModel+Cloud.swift */,
				A7E6FB1934259E6CD959E312 /* LibraryModel+Covers.swift */,
				8323EA12C42BC791D2DA5AE2 /* LibraryModel+Downloads.swift */,
				77E0E229B6BDC8A18EEF6650 /* LibraryModel+Duplicates.swift */,
				998EB466840EB739C25A87CF /* LibraryModel+Lists.swift */,
				CDF73065EA58599FC6B69E2F /* LibraryModel+Outside.swift */,
				7F5450C5A73CDBFBAA98F597 /* LibraryModel+Privacy.swift */,
				64D1437EE22CDECEFBB9EDBE /* LibraryModel+Queries.swift */,
				DDE48EA773EFDE05BA86EDBA /* LibraryScanner.swift */,
				17B9A316341A29ECD770C9B3 /* LibraryStore.swift */,
				0674DA6233904BF286B3A1E2 /* NameParser.swift */,
				A776A38F05557D1EB3700C43 /* ProgressSync.swift */,
				945AA080C5059CBFA8EC193E /* SeriesGrouper.swift */,
				CAD101EBBCAB3F82E3801B42 /* SeriesGrouping.swift */,
				D0BCBE724BC92E84C93A4BEF /* SeriesLookup.swift */,
			);
			path = Library;
			sourceTree = "<group>";
		};
		477D1A277307BE3A625BB27A /* MangoWidgets */ = {
			isa = PBXGroup;
			children = (
				214D4908892151334CD4F41C /* ContinueReadingWidget.swift */,
				C70EF425E4FF75BB5101480D /* MangoWidgets.entitlements */,
			);
			path = MangoWidgets;
			sourceTree = "<group>";
		};
		4A975BFE9377A743047E91C3 /* Sources */ = {
			isa = PBXGroup;
			children = (
				073BBB322EC45206B49B0383 /* DuplicatesView.swift */,
				E57AF5756D814DC395CD5C15 /* NASSetupView.swift */,
				85896BCF84AE73C557A0C71E /* SourceBrowserView.swift */,
				7BBDDA3F144FE3640DA2D963 /* SourcesView.swift */,
			);
			path = Sources;
			sourceTree = "<group>";
		};
		4C78E39B195BD0F7DB2BAA5A /* Network */ = {
			isa = PBXGroup;
			children = (
				A84CF8003C37EFD05A28B5CF /* KeychainStore.swift */,
				24582C9B3FB171CAA7A01A15 /* LocalMove.swift */,
				05BC4E703948F090F1C873A8 /* NASClient.swift */,
				554E34BEBB5365E89EC8B980 /* TransferManager.swift */,
			);
			path = Network;
			sourceTree = "<group>";
		};
		54524ECCCABDF3896AEF0EF4 /* Extensions */ = {
			isa = PBXGroup;
			children = (
				4B776B2F21827D7431E5CBFA /* Formatting.swift */,
				42485FBA788C6193A9316BE4 /* Logger+Mango.swift */,
			);
			path = Extensions;
			sourceTree = "<group>";
		};
		65D37ACF7C0957242C6A53D3 /* Views */ = {
			isa = PBXGroup;
			children = (
				944203F6AAD5A7C19A58054A /* Components */,
				29AB9E16D58AC21E7D757F65 /* Library */,
				063CED13A16BA7F7AD97A8FA /* Reader */,
				786130DFAD1691E7B09FB9E9 /* Root */,
				96FD1FFB2E426A65F82209F4 /* Settings */,
				4A975BFE9377A743047E91C3 /* Sources */,
				A6613B3EC389052D9B92DFB9 /* Stats */,
			);
			path = Views;
			sourceTree = "<group>";
		};
		786130DFAD1691E7B09FB9E9 /* Root */ = {
			isa = PBXGroup;
			children = (
				44619CC2962880BD4E8D99E1 /* RootView.swift */,
			);
			path = Root;
			sourceTree = "<group>";
		};
		7FE655452027D1F282EBDD72 /* Config */ = {
			isa = PBXGroup;
			children = (
				831192869B849F61B5BBA974 /* Debug.xcconfig */,
				F52D0CAEDB8A0D5F8C47A96A /* Release.xcconfig */,
			);
			path = Config;
			sourceTree = "<group>";
		};
		84A6B872F2F78AD610872EBF /* Models */ = {
			isa = PBXGroup;
			children = (
				9AEDD8030A8DCEF4BB0FD04A /* ActivityStats.swift */,
				B06B9CBA09D73930A4A09130 /* AppSettings.swift */,
				80D0DD540F9B4F1C140FFFEB /* Bookmark.swift */,
				56CE48B6D8D5E95D44165066 /* Comic.swift */,
				E2F566B617E174309B35650D /* ComicOverride.swift */,
				A2A384731307B7811C0770F0 /* LibrarySource.swift */,
				6D51D5B1DE8F484A69F39007 /* LibraryState.swift */,
				02FBB3EBD95E817A4A91C379 /* Medium.swift */,
				BA405EC9A776C2390E20E31B /* ReaderOptions.swift */,
				16AB2B9DB635DEC2B3A243DA /* ReadingActivity.swift */,
				24AB607CC59E94D3095DD417 /* ReadingList.swift */,
				2974B430DBCFE54A0EF63FD8 /* ReadingProgress.swift */,
				511423CB28C41497EDEC78FA /* ReadingStats.swift */,
				91901981DD7DA76063F12867 /* Series.swift */,
			);
			path = Models;
			sourceTree = "<group>";
		};
		944203F6AAD5A7C19A58054A /* Components */ = {
			isa = PBXGroup;
			children = (
				62E2977C1BEE925EC6FC8241 /* CoverView.swift */,
				1CF622583A273B4A3A99D811 /* ProgressBar.swift */,
				E1DB10EBC6722F798E65631B /* StarRating.swift */,
				325D381D34D7FDA3BB22F566 /* ZoomableView.swift */,
			);
			path = Components;
			sourceTree = "<group>";
		};
		96FD1FFB2E426A65F82209F4 /* Settings */ = {
			isa = PBXGroup;
			children = (
				5BBA58843B1A01AFA181EEDE /* HiddenItemsView.swift */,
				F5C0A5B4D9E3E4BD50609C93 /* SettingsView.swift */,
			);
			path = Settings;
			sourceTree = "<group>";
		};
		9C8024C72D85BB132CBE0262 /* MangoTests */ = {
			isa = PBXGroup;
			children = (
				4B06416E4617517422661FDB /* ActivityTests.swift */,
				6A3054D3D409674E41BCE15F /* BookmarksRatingsLogTests.swift */,
				CE47EE3C1EA02385C3A31110 /* ComicInfoTests.swift */,
				74FC0AD5C92133DC59D9BEC8 /* CoverSearchTests.swift */,
				1F610E7EDD1348C0A2FBA953 /* CoverSyncTests.swift */,
				252FD68BC30106D4135D8A25 /* DownloadsTests.swift */,
				D730F7D8E2A6D38421BBD0BC /* DuplicateFinderTests.swift */,
				78276097E6A829F0AC4CD49D /* EPUBParserTests.swift */,
				EB90731D0ADEC569ABD5A528 /* FormattingTests.swift */,
				3A85E21BB8D5171D55FE9A20 /* LibraryDedupeTests.swift */,
				A17AB6483034DA771F4463F6 /* LibraryScannerTests.swift */,
				6E6E70FA8B2118AFE3D7C496 /* LibraryStateCompatTests.swift */,
				FFE20452C2A13AFEDE3B5B5A /* LocalMoveTests.swift */,
				24D0F4847A2646436DBCAACE /* MarginTrimmerTests.swift */,
				F6F5D9E84E508B70474844C0 /* NameParserTests.swift */,
				24796FD8CB3E0F662C2447CE /* PrivacyTests.swift */,
				BC2EFD6C20BA6E555039AFAA /* ProgressSyncTests.swift */,
				76EAFA568AFDF3AD92E89998 /* ReadingListTests.swift */,
				85921FD3FFCD762D8FA54844 /* ReadingProgressTests.swift */,
				A37D48E73BCEFA724CD45ED4 /* SeriesGrouperTests.swift */,
				F32BE28E382903FEDB78351D /* SeriesGroupingTests.swift */,
				FCB12047A308E5CF1ED6CE8E /* SpreadLayoutTests.swift */,
				A2B84550A723DC7845833093 /* TallPageTests.swift */,
				3E27F957B80DBF4AABBD2C6F /* ZipReaderTests.swift */,
				C1E84DFA84ABCFCD7B9EED53 /* ZipTestBuilder.swift */,
			);
			path = MangoTests;
			sourceTree = "<group>";
		};
		9E79138B86DA817418B5A161 /* App */ = {
			isa = PBXGroup;
			children = (
				92EAE70E7EBF6C31A130572A /* AppEnvironment.swift */,
				BC2AC268EA1C8E1CF75CA368 /* MangoApp.swift */,
				F51A4C22B927834AC3B1622C /* MangoIntents.swift */,
			);
			path = App;
			sourceTree = "<group>";
		};
		A53A1A12C85C34628D70C4C7 /* Products */ = {
			isa = PBXGroup;
			children = (
				64DA8C0B607CD4E583D0C856 /* Mango.app */,
				F341DFF93C61C4717B8FD196 /* MangoTests.xctest */,
				0FA3F1880AC3E6DA5066E838 /* MangoWidgets.appex */,
			);
			name = Products;
			sourceTree = "<group>";
		};
		A6613B3EC389052D9B92DFB9 /* Stats */ = {
			isa = PBXGroup;
			children = (
				35EB44A035C4ED4C1C8A9A59 /* ActivityViews.swift */,
				A98CDFC6AEDF0059741C1FDF /* GoalEditor.swift */,
				76612A65E1B788AC439B8339 /* LogBookView.swift */,
				F88DA7CD560BCF2F67B60623 /* StatsView.swift */,
			);
			path = Stats;
			sourceTree = "<group>";
		};
		BB40DE1397B1782534319A8E /* Archive */ = {
			isa = PBXGroup;
			children = (
				8199D18DD8F5F1A7499262DE /* ArchiveOpener.swift */,
				9274137EF5F45522B05449F0 /* ComicArchive.swift */,
				850C21986BD7FEAF69E55374 /* ComicInfo.swift */,
				A8390791BBCCC9E5AF85AA31 /* EPUBDocument.swift */,
				CE60B793852685818B543F0A /* EPUBPackage.swift */,
				8D3284629D6CAAA335706A95 /* FolderComicArchive.swift */,
				3651C7A2C034113FC75C60B6 /* ImageDecoder.swift */,
				ED7B90B431D4C975A4C010D5 /* ImageFileTypes.swift */,
				36F6B9D51275E0B99177B0FE /* MarginTrimmer.swift */,
				FE2E02F00476CBFC607C9E1F /* PDFComicArchive.swift */,
				2924E7D9DA58A7E2B49E2593 /* RandomAccessReader.swift */,
				286002CD921891FB1A7F3E6D /* ZipComicArchive.swift */,
				BB8F0D00CBE3A4C34A9C6523 /* ZipReader.swift */,
			);
			path = Archive;
			sourceTree = "<group>";
		};
		EDE6E4D27CB0E125EA1C4762 /* Resources */ = {
			isa = PBXGroup;
			children = (
				3EED7A5A833B0ECB7558CAD1 /* Assets.xcassets */,
				2C9630492B5EBB059EB50BD9 /* Mango.entitlements */,
				7D348EDD539760C9C3EF1F66 /* PrivacyInfo.xcprivacy */,
			);
			path = Resources;
			sourceTree = "<group>";
		};
/* End PBXGroup section */

/* Begin PBXNativeTarget section */
		202225BD3ACB623A31F74018 /* Mango */ = {
			isa = PBXNativeTarget;
			buildConfigurationList = 1BAEFF890215768E76892688 /* Build configuration list for PBXNativeTarget "Mango" */;
			buildPhases = (
				34F85FA16A47B31A53F3C24F /* Sources */,
				4578CEA488E088A6B49713F5 /* Resources */,
				A4436EDE4FC6BB6F4A4A023A /* Frameworks */,
				AA3CF53C8380D8B721266CC4 /* Embed Foundation Extensions */,
				9CBC79D41CED9D7AE7A7552C /* Embed Frameworks */,
			);
			buildRules = (
			);
			dependencies = (
				14B440218A36D3C7AE80E83B /* PBXTargetDependency */,
			);
			name = Mango;
			packageProductDependencies = (
				EB37802BFD4CF09156555AAF /* AMSMB2 */,
				C68BA5FC48025A18A39102D3 /* ShelfKit */,
			);
			productName = Mango;
			productReference = 64DA8C0B607CD4E583D0C856 /* Mango.app */;
			productType = "com.apple.product-type.application";
		};
		7874C666FD3A68EA48BE9D0D /* MangoTests */ = {
			isa = PBXNativeTarget;
			buildConfigurationList = ACF352005C1589E9F4AC9790 /* Build configuration list for PBXNativeTarget "MangoTests" */;
			buildPhases = (
				5633551A5787736961F3DA8B /* Sources */,
			);
			buildRules = (
			);
			dependencies = (
				7E7F41C09D66E9BBA7EA620A /* PBXTargetDependency */,
			);
			name = MangoTests;
			packageProductDependencies = (
			);
			productName = MangoTests;
			productReference = F341DFF93C61C4717B8FD196 /* MangoTests.xctest */;
			productType = "com.apple.product-type.bundle.unit-test";
		};
		CC80118A5EA8519746A95791 /* MangoWidgets */ = {
			isa = PBXNativeTarget;
			buildConfigurationList = 17E57C835D9E048B8FF4FF76 /* Build configuration list for PBXNativeTarget "MangoWidgets" */;
			buildPhases = (
				2B29514D66CE734AEA41290C /* Sources */,
			);
			buildRules = (
			);
			dependencies = (
			);
			name = MangoWidgets;
			packageProductDependencies = (
			);
			productName = MangoWidgets;
			productReference = 0FA3F1880AC3E6DA5066E838 /* MangoWidgets.appex */;
			productType = "com.apple.product-type.app-extension";
		};
/* End PBXNativeTarget section */

/* Begin PBXProject section */
		9C2AB174B4069E5F7FE671C5 /* Project object */ = {
			isa = PBXProject;
			attributes = {
				BuildIndependentTargetsInParallel = YES;
				LastUpgradeCheck = 2600;
				TargetAttributes = {
					202225BD3ACB623A31F74018 = {
						DevelopmentTeam = 8Q3RG3ULSU;
						ProvisioningStyle = Automatic;
					};
					7874C666FD3A68EA48BE9D0D = {
						DevelopmentTeam = 8Q3RG3ULSU;
						ProvisioningStyle = Automatic;
					};
					CC80118A5EA8519746A95791 = {
						DevelopmentTeam = 8Q3RG3ULSU;
						ProvisioningStyle = Automatic;
					};
				};
			};
			buildConfigurationList = 79F0EEF3D0624C02C19CDCC8 /* Build configuration list for PBXProject "Mango" */;
			developmentRegion = en;
			hasScannedForEncodings = 0;
			knownRegions = (
				Base,
				en,
			);
			mainGroup = 15526783FDA1EEFDA5E41EEE;
			minimizedProjectReferenceProxies = 1;
			packageReferences = (
				7C2FFC7B910C7411BE4721AF /* XCRemoteSwiftPackageReference "AMSMB2" */,
				5E140441CFABED8C420150A3 /* XCRemoteSwiftPackageReference "shelfkit" */,
			);
			preferredProjectObjectVersion = 77;
			productRefGroup = A53A1A12C85C34628D70C4C7 /* Products */;
			projectDirPath = "";
			projectRoot = "";
			targets = (
				202225BD3ACB623A31F74018 /* Mango */,
				CC80118A5EA8519746A95791 /* MangoWidgets */,
				7874C666FD3A68EA48BE9D0D /* MangoTests */,
			);
		};
/* End PBXProject section */

/* Begin PBXResourcesBuildPhase section */
		4578CEA488E088A6B49713F5 /* Resources */ = {
			isa = PBXResourcesBuildPhase;
			buildActionMask = 2147483647;
			files = (
				28209DC6B56A22C1B4231B43 /* Assets.xcassets in Resources */,
				023FB4353D258BB2EB6455F5 /* PrivacyInfo.xcprivacy in Resources */,
			);
			runOnlyForDeploymentPostprocessing = 0;
		};
/* End PBXResourcesBuildPhase section */

/* Begin PBXSourcesBuildPhase section */
		2B29514D66CE734AEA41290C /* Sources */ = {
			isa = PBXSourcesBuildPhase;
			buildActionMask = 2147483647;
			files = (
				11CCD056FD5F5373A1DBA305 /* ContinueReadingWidget.swift in Sources */,
				A879A73ADCA490313F8B9855 /* ReadingSnapshot.swift in Sources */,
			);
			runOnlyForDeploymentPostprocessing = 0;
		};
		34F85FA16A47B31A53F3C24F /* Sources */ = {
			isa = PBXSourcesBuildPhase;
			buildActionMask = 2147483647;
			files = (
				9EE6CA1197E849A542E5C837 /* ActivityStats.swift in Sources */,
				1AB613EE3EB79B5B455BBC61 /* ActivityViews.swift in Sources */,
				55E4642406338C126D773EDA /* AppEnvironment.swift in Sources */,
				993E09D9CBA4C97CBF94CCBD /* AppSettings.swift in Sources */,
				FC7383447342ABBD4774B565 /* ArchiveOpener.swift in Sources */,
				D495C434078280922149AB10 /* Bookmark.swift in Sources */,
				F86266D17CFBADAF76695AFD /* CloudSync.swift in Sources */,
				1E1FB06091ED33989CC94ED2 /* Comic.swift in Sources */,
				D508B82A18D2E1905472B7AF /* ComicArchive.swift in Sources */,
				28040003F9A50C9E397B03FA /* ComicInfo.swift in Sources */,
				874606504A3DDCB19829040C /* ComicOverride.swift in Sources */,
				D1D822EED879532B3C216B32 /* ContinuousReader.swift in Sources */,
				DAE9641A13C840AE72FF6BC0 /* CoverPickerView.swift in Sources */,
				C1E90C1EFBB19DF51D14ADA5 /* CoverSearch.swift in Sources */,
				B999A41796CEB6EAEAFF2B8C /* CoverStore.swift in Sources */,
				BA8D6DA6C5FC74AFC8024B49 /* CoverSync.swift in Sources */,
				87BA2CE3BF15595C2F851919 /* CoverView.swift in Sources */,
				9A6224D126CAD39F38BE55C5 /* DuplicateFinder.swift in Sources */,
				4E47BFAAB8F47FC3CF61CD8F /* DuplicatesView.swift in Sources */,
				1924E9749CEEFC7742C80C21 /* EPUBDocument.swift in Sources */,
				5A84412363052CE63FCD1FE2 /* EPUBPackage.swift in Sources */,
				FED26FB01685151FF5FB5E59 /* EPUBSchemeHandler.swift in Sources */,
				237B506B1A4AEAF1A8AFA169 /* EditComicView.swift in Sources */,
				5EADF99A0BC4E7461D0A5088 /* FolderComicArchive.swift in Sources */,
				90325F5BEF0219C3C4B4A92F /* Formatting.swift in Sources */,
				FD6358CECEDB5760D6F825D0 /* GoalEditor.swift in Sources */,
				D85B30966CA0BDE6E553197F /* HiddenItemsView.swift in Sources */,
				5548CAC19C29E6F0452FA475 /* ImageDecoder.swift in Sources */,
				F192315A3D6C9D600E16B297 /* ImageFileTypes.swift in Sources */,
				79322B57C7A8725C4404152D /* KeychainStore.swift in Sources */,
				66B646D1C1ADC6612AA195D8 /* LibraryDedupe.swift in Sources */,
				5EE271DB76EAEA73BC3D6AE1 /* LibraryModel+Cloud.swift in Sources */,
				63C6976051DFDFD096FDA943 /* LibraryModel+Covers.swift in Sources */,
				193EA59E97D58CA126B13639 /* LibraryModel+Downloads.swift in Sources */,
				58D03888ED3FB0EA71E1B549 /* LibraryModel+Duplicates.swift in Sources */,
				5F71713CAE5BA27A1FAC5898 /* LibraryModel+Lists.swift in Sources */,
				54DB0AF044D206102BB4AD16 /* LibraryModel+Outside.swift in Sources */,
				8C01C798CEA90DED9A960C3E /* LibraryModel+Privacy.swift in Sources */,
				E7FAD448E27D74B868922398 /* LibraryModel+Queries.swift in Sources */,
				6931415B3018D8AC9F388F77 /* LibraryModel.swift in Sources */,
				DBD6EECE6F0AE36F637744D4 /* LibraryScanner.swift in Sources */,
				40AEC4E2EE1114ABD86B3DE4 /* LibrarySource.swift in Sources */,
				0BAF908FCB6FB42BE1D48A97 /* LibraryState.swift in Sources */,
				1CA325F976C4153490FA28C9 /* LibraryStore.swift in Sources */,
				C554E07FE1FF9BC78F37B740 /* LibraryView.swift in Sources */,
				1A6D89B37FDD00989D77C204 /* LocalMove.swift in Sources */,
				253854F185F23FBE87F3BE7C /* LogBookView.swift in Sources */,
				43D2A2DF52A19D167DBED746 /* Logger+Mango.swift in Sources */,
				CDCEF7988033DF75517F4C23 /* MangoApp.swift in Sources */,
				0CCAC2CE8AD4247739B359D5 /* MangoIntents.swift in Sources */,
				8728A84955BC31A8DC7B68DA /* MarginTrimmer.swift in Sources */,
				5902EF8B53805DA0DDD96143 /* Medium.swift in Sources */,
				D0B74C02AECBE96A08821697 /* NASClient.swift in Sources */,
				24BCF8D5ABAD435C12411166 /* NASSetupView.swift in Sources */,
				FBB6D102DE72D9500464C1F6 /* NameParser.swift in Sources */,
				BA346ACBF469E97EDAF54833 /* NovelEngine.swift in Sources */,
				C47243D22DDEFBA4EC57934B /* NovelReaderView.swift in Sources */,
				D7D9F2B4F4A47D0C08EA3F9B /* NovelWebView.swift in Sources */,
				917E4E3DC5C681AA99A5391E /* PDFComicArchive.swift in Sources */,
				D79AD8B4E718D3199E07D488 /* PageGridView.swift in Sources */,
				DBC61DFB82845F137593A8DE /* PageImageView.swift in Sources */,
				BAD88429B4656344C6A84931 /* PageLoader.swift in Sources */,
				3FAF497B0497B7F50C6B805C /* PagedReader.swift in Sources */,
				8B7CBC744A124EB0B9F11CC5 /* ProgressBar.swift in Sources */,
				87C662C9BFAFEBDD30275C67 /* ProgressSync.swift in Sources */,
				0A0E0CF6DB17F9B35E98EFAA /* RandomAccessReader.swift in Sources */,
				01B04B55D1C099DD30E92201 /* ReaderControls.swift in Sources */,
				549F9E59882E0B54AE4FB7FD /* ReaderEngine.swift in Sources */,
				019851EEA0F60E80D0EA3EF0 /* ReaderOptions.swift in Sources */,
				49BA93688AE2702B1FC6CD70 /* ReaderRouter.swift in Sources */,
				5DEA74AF015A28D4ADFB7CCF /* ReaderView.swift in Sources */,
				DFA6C2015E4309917275DD52 /* ReadingActivity.swift in Sources */,
				DC107FE04D876CE44C5A1054 /* ReadingList.swift in Sources */,
				2A41C7DBD35175D82D875F9B /* ReadingListViews.swift in Sources */,
				D789FF35D794EAD467F8952E /* ReadingProgress.swift in Sources */,
				B4CDD4C430819E29A60A06D7 /* ReadingSnapshot.swift in Sources */,
				96294C5E4CC06BBC69C01A66 /* ReadingStats.swift in Sources */,
				A516D8370CF24A0D3AA47F5D /* RootView.swift in Sources */,
				9D23D4B2FFB7AF2FCE894069 /* Series.swift in Sources */,
				BEAA40F2320606BB7576C613 /* SeriesDetailView.swift in Sources */,
				88CDB224BA09AC224C3395FA /* SeriesGroupViews.swift in Sources */,
				E7FF7F3B09A83CA8D98826BC /* SeriesGrouper.swift in Sources */,
				0BEDD78A6A9331BA177FADD8 /* SeriesGrouping.swift in Sources */,
				6411CD46D2EA2745797CAF7D /* SeriesLookup.swift in Sources */,
				12813B77331E752D003817E0 /* SeriesLookupView.swift in Sources */,
				C36DCC7FDCC629BE85F008AB /* SettingsView.swift in Sources */,
				55018B1621546BC9B20091B8 /* SourceBrowserView.swift in Sources */,
				C5DE93A3C24FA96049EB9991 /* SourcesView.swift in Sources */,
				15513CB13312CF24252B7011 /* SpreadLayout.swift in Sources */,
				D7B44E7622448145958BC5EF /* StarRating.swift in Sources */,
				B3762AA1B78BB1D0492B0A4B /* StatsView.swift in Sources */,
				67389B7305589DC38C3E3214 /* TransferManager.swift in Sources */,
				A48E40900A8CE7FFE289018A /* ZipComicArchive.swift in Sources */,
				3DD745B2E76FC82D077E37A5 /* ZipReader.swift in Sources */,
				F834E24DE42FF0DC0F478326 /* ZoomableView.swift in Sources */,
			);
			runOnlyForDeploymentPostprocessing = 0;
		};
		5633551A5787736961F3DA8B /* Sources */ = {
			isa = PBXSourcesBuildPhase;
			buildActionMask = 2147483647;
			files = (
				AF5917CC0D0DA0F427DDBEB7 /* ActivityTests.swift in Sources */,
				F23E2E8C735C360AB2DFD6B6 /* BookmarksRatingsLogTests.swift in Sources */,
				4D47F7CA28C8818537885221 /* ComicInfoTests.swift in Sources */,
				4D3C61C0C22D589E1C8270A7 /* CoverSearchTests.swift in Sources */,
				789C8CD8E9E9254B7949D353 /* CoverSyncTests.swift in Sources */,
				BAC9B695C438A052CB84D86C /* DownloadsTests.swift in Sources */,
				F671A4C5396FF5D5973042F2 /* DuplicateFinderTests.swift in Sources */,
				AB28A5731170DC087470C2F0 /* EPUBParserTests.swift in Sources */,
				595E16DCFBDC9F0F39DE7608 /* FormattingTests.swift in Sources */,
				E49A315243AB05D42E84C95F /* LibraryDedupeTests.swift in Sources */,
				C743992ED21F4D11C8C4D5CD /* LibraryScannerTests.swift in Sources */,
				49D051D28B4D6DAA63DFEAFA /* LibraryStateCompatTests.swift in Sources */,
				718764C53CE7BFAF6236B8A3 /* LocalMoveTests.swift in Sources */,
				E7069418E3CF5585BBDAECFC /* MarginTrimmerTests.swift in Sources */,
				6DB37BEFEB95B6AD0409C327 /* NameParserTests.swift in Sources */,
				CD74E2D67275C4D4494B2968 /* PrivacyTests.swift in Sources */,
				0E364AED4B40B9190BE38F3A /* ProgressSyncTests.swift in Sources */,
				18A0874A8A9262995AA06B79 /* ReadingListTests.swift in Sources */,
				75AF01A0C58A179BDBAEB1C6 /* ReadingProgressTests.swift in Sources */,
				F4658901017BF69227830D16 /* SeriesGrouperTests.swift in Sources */,
				0E54541EF5B1F8FEE3188963 /* SeriesGroupingTests.swift in Sources */,
				3BD93B099BCFED10C5E6A5D1 /* SpreadLayoutTests.swift in Sources */,
				1F8B4C51525EF5A3EB6D199B /* TallPageTests.swift in Sources */,
				085FA984572CDBF0B855F4FF /* ZipReaderTests.swift in Sources */,
				B86A52BA64AA01127E3A847D /* ZipTestBuilder.swift in Sources */,
			);
			runOnlyForDeploymentPostprocessing = 0;
		};
/* End PBXSourcesBuildPhase section */

/* Begin PBXTargetDependency section */
		14B440218A36D3C7AE80E83B /* PBXTargetDependency */ = {
			isa = PBXTargetDependency;
			target = CC80118A5EA8519746A95791 /* MangoWidgets */;
			targetProxy = 390755533FC4D12F2698F3A0 /* PBXContainerItemProxy */;
		};
		7E7F41C09D66E9BBA7EA620A /* PBXTargetDependency */ = {
			isa = PBXTargetDependency;
			target = 202225BD3ACB623A31F74018 /* Mango */;
			targetProxy = C0A62AE2076D1F03C72F3DFA /* PBXContainerItemProxy */;
		};
/* End PBXTargetDependency section */

/* Begin XCBuildConfiguration section */
		19F711A5B8E8403C1769EECB /* Debug */ = {
			isa = XCBuildConfiguration;
			buildSettings = {
				CODE_SIGN_ENTITLEMENTS = MangoWidgets/MangoWidgets.entitlements;
				CURRENT_PROJECT_VERSION = 1;
				GENERATE_INFOPLIST_FILE = NO;
				INFOPLIST_FILE = MangoWidgets/Info.plist;
				LD_RUNPATH_SEARCH_PATHS = "$(inherited) @executable_path/Frameworks @executable_path/../../Frameworks";
				MARKETING_VERSION = 1.0;
				PRODUCT_BUNDLE_IDENTIFIER = com.vanities.mango.widgets;
				PRODUCT_NAME = MangoWidgets;
				SDKROOT = iphoneos;
				TARGETED_DEVICE_FAMILY = "1,2";
			};
			name = Debug;
		};
		5285A4CF50119C0703710075 /* Debug */ = {
			isa = XCBuildConfiguration;
			baseConfigurationReference = 831192869B849F61B5BBA974 /* Debug.xcconfig */;
			buildSettings = {
				ASSETCATALOG_COMPILER_APPICON_NAME = AppIcon;
				ASSETCATALOG_COMPILER_GLOBAL_ACCENT_COLOR_NAME = AccentColor;
				CODE_SIGN_ENTITLEMENTS = Mango/Resources/Mango.entitlements;
				CODE_SIGN_IDENTITY = "iPhone Developer";
				CURRENT_PROJECT_VERSION = 1;
				ENABLE_PREVIEWS = YES;
				GENERATE_INFOPLIST_FILE = NO;
				INFOPLIST_FILE = Mango/Resources/Info.plist;
				LD_RUNPATH_SEARCH_PATHS = "$(inherited) @executable_path/Frameworks";
				MARKETING_VERSION = 1.0;
				PRODUCT_BUNDLE_IDENTIFIER = com.vanities.mango;
				PRODUCT_NAME = Mango;
				SDKROOT = iphoneos;
				SUPPORTS_MACCATALYST = NO;
				SUPPORTS_MAC_DESIGNED_FOR_IPHONE_IPAD = NO;
				SUPPORTS_XR_DESIGNED_FOR_IPHONE_IPAD = NO;
				TARGETED_DEVICE_FAMILY = "1,2";
			};
			name = Debug;
		};
		6F8C36D40FFF0A05CF2DB8D2 /* Release */ = {
			isa = XCBuildConfiguration;
			buildSettings = {
				ALWAYS_SEARCH_USER_PATHS = NO;
				ASSETCATALOG_COMPILER_GENERATE_SWIFT_ASSET_SYMBOL_EXTENSIONS = YES;
				CLANG_ANALYZER_NONNULL = YES;
				CLANG_ANALYZER_NUMBER_OBJECT_CONVERSION = YES_AGGRESSIVE;
				CLANG_CXX_LANGUAGE_STANDARD = "gnu++14";
				CLANG_CXX_LIBRARY = "libc++";
				CLANG_ENABLE_MODULES = YES;
				CLANG_ENABLE_OBJC_ARC = YES;
				CLANG_ENABLE_OBJC_WEAK = YES;
				CLANG_WARN_BLOCK_CAPTURE_AUTORELEASING = YES;
				CLANG_WARN_BOOL_CONVERSION = YES;
				CLANG_WARN_COMMA = YES;
				CLANG_WARN_CONSTANT_CONVERSION = YES;
				CLANG_WARN_DEPRECATED_OBJC_IMPLEMENTATIONS = YES;
				CLANG_WARN_DIRECT_OBJC_ISA_USAGE = YES_ERROR;
				CLANG_WARN_DOCUMENTATION_COMMENTS = YES;
				CLANG_WARN_EMPTY_BODY = YES;
				CLANG_WARN_ENUM_CONVERSION = YES;
				CLANG_WARN_INFINITE_RECURSION = YES;
				CLANG_WARN_INT_CONVERSION = YES;
				CLANG_WARN_NON_LITERAL_NULL_CONVERSION = YES;
				CLANG_WARN_OBJC_IMPLICIT_RETAIN_SELF = YES;
				CLANG_WARN_OBJC_LITERAL_CONVERSION = YES;
				CLANG_WARN_OBJC_ROOT_CLASS = YES_ERROR;
				CLANG_WARN_QUOTED_INCLUDE_IN_FRAMEWORK_HEADER = YES;
				CLANG_WARN_RANGE_LOOP_ANALYSIS = YES;
				CLANG_WARN_STRICT_PROTOTYPES = YES;
				CLANG_WARN_SUSPICIOUS_MOVE = YES;
				CLANG_WARN_UNGUARDED_AVAILABILITY = YES_AGGRESSIVE;
				CLANG_WARN_UNREACHABLE_CODE = YES;
				CLANG_WARN__DUPLICATE_METHOD_MATCH = YES;
				CODE_SIGN_STYLE = Automatic;
				COPY_PHASE_STRIP = NO;
				DEBUG_INFORMATION_FORMAT = "dwarf-with-dsym";
				DEVELOPMENT_TEAM = 8Q3RG3ULSU;
				ENABLE_NS_ASSERTIONS = NO;
				ENABLE_STRICT_OBJC_MSGSEND = YES;
				ENABLE_USER_SCRIPT_SANDBOXING = YES;
				GCC_C_LANGUAGE_STANDARD = gnu11;
				GCC_NO_COMMON_BLOCKS = YES;
				GCC_WARN_64_TO_32_BIT_CONVERSION = YES;
				GCC_WARN_ABOUT_RETURN_TYPE = YES_ERROR;
				GCC_WARN_UNDECLARED_SELECTOR = YES;
				GCC_WARN_UNINITIALIZED_AUTOS = YES_AGGRESSIVE;
				GCC_WARN_UNUSED_FUNCTION = YES;
				GCC_WARN_UNUSED_VARIABLE = YES;
				IPHONEOS_DEPLOYMENT_TARGET = 26.0;
				LOCALIZATION_PREFERS_STRING_CATALOGS = YES;
				MTL_ENABLE_DEBUG_INFO = NO;
				MTL_FAST_MATH = YES;
				PRODUCT_NAME = "$(TARGET_NAME)";
				SDKROOT = iphoneos;
				SWIFT_COMPILATION_MODE = wholemodule;
				SWIFT_EMIT_LOC_STRINGS = YES;
				SWIFT_OPTIMIZATION_LEVEL = "-O";
				SWIFT_STRICT_CONCURRENCY = complete;
				SWIFT_UPCOMING_FEATURE_EXISTENTIAL_ANY = YES;
				SWIFT_VERSION = 5.0;
			};
			name = Release;
		};
		7F4EC2E4276C170469B1002A /* Release */ = {
			isa = XCBuildConfiguration;
			baseConfigurationReference = F52D0CAEDB8A0D5F8C47A96A /* Release.xcconfig */;
			buildSettings = {
				ASSETCATALOG_COMPILER_APPICON_NAME = AppIcon;
				ASSETCATALOG_COMPILER_GLOBAL_ACCENT_COLOR_NAME = AccentColor;
				CODE_SIGN_ENTITLEMENTS = Mango/Resources/Mango.entitlements;
				CODE_SIGN_IDENTITY = "iPhone Developer";
				CURRENT_PROJECT_VERSION = 1;
				ENABLE_PREVIEWS = YES;
				GENERATE_INFOPLIST_FILE = NO;
				INFOPLIST_FILE = Mango/Resources/Info.plist;
				LD_RUNPATH_SEARCH_PATHS = "$(inherited) @executable_path/Frameworks";
				MARKETING_VERSION = 1.0;
				PRODUCT_BUNDLE_IDENTIFIER = com.vanities.mango;
				PRODUCT_NAME = Mango;
				SDKROOT = iphoneos;
				SUPPORTS_MACCATALYST = NO;
				SUPPORTS_MAC_DESIGNED_FOR_IPHONE_IPAD = NO;
				SUPPORTS_XR_DESIGNED_FOR_IPHONE_IPAD = NO;
				TARGETED_DEVICE_FAMILY = "1,2";
			};
			name = Release;
		};
		9779FA3D62EA5F2FFF7AFBD5 /* Release */ = {
			isa = XCBuildConfiguration;
			buildSettings = {
				CODE_SIGN_ENTITLEMENTS = MangoWidgets/MangoWidgets.entitlements;
				CURRENT_PROJECT_VERSION = 1;
				GENERATE_INFOPLIST_FILE = NO;
				INFOPLIST_FILE = MangoWidgets/Info.plist;
				LD_RUNPATH_SEARCH_PATHS = "$(inherited) @executable_path/Frameworks @executable_path/../../Frameworks";
				MARKETING_VERSION = 1.0;
				PRODUCT_BUNDLE_IDENTIFIER = com.vanities.mango.widgets;
				PRODUCT_NAME = MangoWidgets;
				SDKROOT = iphoneos;
				TARGETED_DEVICE_FAMILY = "1,2";
			};
			name = Release;
		};
		991D33B07C80BE47C41F1B55 /* Debug */ = {
			isa = XCBuildConfiguration;
			buildSettings = {
				ALWAYS_SEARCH_USER_PATHS = NO;
				ASSETCATALOG_COMPILER_GENERATE_SWIFT_ASSET_SYMBOL_EXTENSIONS = YES;
				CLANG_ANALYZER_NONNULL = YES;
				CLANG_ANALYZER_NUMBER_OBJECT_CONVERSION = YES_AGGRESSIVE;
				CLANG_CXX_LANGUAGE_STANDARD = "gnu++14";
				CLANG_CXX_LIBRARY = "libc++";
				CLANG_ENABLE_MODULES = YES;
				CLANG_ENABLE_OBJC_ARC = YES;
				CLANG_ENABLE_OBJC_WEAK = YES;
				CLANG_WARN_BLOCK_CAPTURE_AUTORELEASING = YES;
				CLANG_WARN_BOOL_CONVERSION = YES;
				CLANG_WARN_COMMA = YES;
				CLANG_WARN_CONSTANT_CONVERSION = YES;
				CLANG_WARN_DEPRECATED_OBJC_IMPLEMENTATIONS = YES;
				CLANG_WARN_DIRECT_OBJC_ISA_USAGE = YES_ERROR;
				CLANG_WARN_DOCUMENTATION_COMMENTS = YES;
				CLANG_WARN_EMPTY_BODY = YES;
				CLANG_WARN_ENUM_CONVERSION = YES;
				CLANG_WARN_INFINITE_RECURSION = YES;
				CLANG_WARN_INT_CONVERSION = YES;
				CLANG_WARN_NON_LITERAL_NULL_CONVERSION = YES;
				CLANG_WARN_OBJC_IMPLICIT_RETAIN_SELF = YES;
				CLANG_WARN_OBJC_LITERAL_CONVERSION = YES;
				CLANG_WARN_OBJC_ROOT_CLASS = YES_ERROR;
				CLANG_WARN_QUOTED_INCLUDE_IN_FRAMEWORK_HEADER = YES;
				CLANG_WARN_RANGE_LOOP_ANALYSIS = YES;
				CLANG_WARN_STRICT_PROTOTYPES = YES;
				CLANG_WARN_SUSPICIOUS_MOVE = YES;
				CLANG_WARN_UNGUARDED_AVAILABILITY = YES_AGGRESSIVE;
				CLANG_WARN_UNREACHABLE_CODE = YES;
				CLANG_WARN__DUPLICATE_METHOD_MATCH = YES;
				CODE_SIGN_STYLE = Automatic;
				COPY_PHASE_STRIP = NO;
				DEBUG_INFORMATION_FORMAT = dwarf;
				DEVELOPMENT_TEAM = 8Q3RG3ULSU;
				ENABLE_STRICT_OBJC_MSGSEND = YES;
				ENABLE_TESTABILITY = YES;
				ENABLE_USER_SCRIPT_SANDBOXING = YES;
				GCC_C_LANGUAGE_STANDARD = gnu11;
				GCC_DYNAMIC_NO_PIC = NO;
				GCC_NO_COMMON_BLOCKS = YES;
				GCC_OPTIMIZATION_LEVEL = 0;
				GCC_PREPROCESSOR_DEFINITIONS = (
					"$(inherited)",
					"DEBUG=1",
				);
				GCC_WARN_64_TO_32_BIT_CONVERSION = YES;
				GCC_WARN_ABOUT_RETURN_TYPE = YES_ERROR;
				GCC_WARN_UNDECLARED_SELECTOR = YES;
				GCC_WARN_UNINITIALIZED_AUTOS = YES_AGGRESSIVE;
				GCC_WARN_UNUSED_FUNCTION = YES;
				GCC_WARN_UNUSED_VARIABLE = YES;
				IPHONEOS_DEPLOYMENT_TARGET = 26.0;
				LOCALIZATION_PREFERS_STRING_CATALOGS = YES;
				MTL_ENABLE_DEBUG_INFO = INCLUDE_SOURCE;
				MTL_FAST_MATH = YES;
				ONLY_ACTIVE_ARCH = YES;
				PRODUCT_NAME = "$(TARGET_NAME)";
				SDKROOT = iphoneos;
				SWIFT_ACTIVE_COMPILATION_CONDITIONS = DEBUG;
				SWIFT_EMIT_LOC_STRINGS = YES;
				SWIFT_OPTIMIZATION_LEVEL = "-Onone";
				SWIFT_STRICT_CONCURRENCY = complete;
				SWIFT_UPCOMING_FEATURE_EXISTENTIAL_ANY = YES;
				SWIFT_VERSION = 5.0;
			};
			name = Debug;
		};
		E9F5EF2389E8C0119D4BE914 /* Release */ = {
			isa = XCBuildConfiguration;
			buildSettings = {
				BUNDLE_LOADER = "$(TEST_HOST)";
				GENERATE_INFOPLIST_FILE = YES;
				LD_RUNPATH_SEARCH_PATHS = (
					"$(inherited)",
					"@executable_path/Frameworks",
					"@loader_path/Frameworks",
				);
				PRODUCT_BUNDLE_IDENTIFIER = com.vanities.mangoTests;
				SDKROOT = iphoneos;
				TARGETED_DEVICE_FAMILY = "1,2";
				TEST_HOST = "$(BUILT_PRODUCTS_DIR)/Mango.app/$(BUNDLE_EXECUTABLE_FOLDER_PATH)/Mango";
			};
			name = Release;
		};
		FB8B9BF9C4BEA045C24DAF52 /* Debug */ = {
			isa = XCBuildConfiguration;
			buildSettings = {
				BUNDLE_LOADER = "$(TEST_HOST)";
				GENERATE_INFOPLIST_FILE = YES;
				LD_RUNPATH_SEARCH_PATHS = (
					"$(inherited)",
					"@executable_path/Frameworks",
					"@loader_path/Frameworks",
				);
				PRODUCT_BUNDLE_IDENTIFIER = com.vanities.mangoTests;
				SDKROOT = iphoneos;
				TARGETED_DEVICE_FAMILY = "1,2";
				TEST_HOST = "$(BUILT_PRODUCTS_DIR)/Mango.app/$(BUNDLE_EXECUTABLE_FOLDER_PATH)/Mango";
			};
			name = Debug;
		};
/* End XCBuildConfiguration section */

/* Begin XCConfigurationList section */
		17E57C835D9E048B8FF4FF76 /* Build configuration list for PBXNativeTarget "MangoWidgets" */ = {
			isa = XCConfigurationList;
			buildConfigurations = (
				19F711A5B8E8403C1769EECB /* Debug */,
				9779FA3D62EA5F2FFF7AFBD5 /* Release */,
			);
			defaultConfigurationIsVisible = 0;
			defaultConfigurationName = Debug;
		};
		1BAEFF890215768E76892688 /* Build configuration list for PBXNativeTarget "Mango" */ = {
			isa = XCConfigurationList;
			buildConfigurations = (
				5285A4CF50119C0703710075 /* Debug */,
				7F4EC2E4276C170469B1002A /* Release */,
			);
			defaultConfigurationIsVisible = 0;
			defaultConfigurationName = Debug;
		};
		79F0EEF3D0624C02C19CDCC8 /* Build configuration list for PBXProject "Mango" */ = {
			isa = XCConfigurationList;
			buildConfigurations = (
				991D33B07C80BE47C41F1B55 /* Debug */,
				6F8C36D40FFF0A05CF2DB8D2 /* Release */,
			);
			defaultConfigurationIsVisible = 0;
			defaultConfigurationName = Debug;
		};
		ACF352005C1589E9F4AC9790 /* Build configuration list for PBXNativeTarget "MangoTests" */ = {
			isa = XCConfigurationList;
			buildConfigurations = (
				FB8B9BF9C4BEA045C24DAF52 /* Debug */,
				E9F5EF2389E8C0119D4BE914 /* Release */,
			);
			defaultConfigurationIsVisible = 0;
			defaultConfigurationName = Debug;
		};
/* End XCConfigurationList section */

/* Begin XCRemoteSwiftPackageReference section */
		5E140441CFABED8C420150A3 /* XCRemoteSwiftPackageReference "shelfkit" */ = {
			isa = XCRemoteSwiftPackageReference;
			repositoryURL = "https://github.com/vanities/shelfkit.git";
			requirement = {
				kind = exactVersion;
				version = 0.3.0;
			};
		};
		7C2FFC7B910C7411BE4721AF /* XCRemoteSwiftPackageReference "AMSMB2" */ = {
			isa = XCRemoteSwiftPackageReference;
			repositoryURL = "https://github.com/amosavian/AMSMB2.git";
			requirement = {
				kind = upToNextMajorVersion;
				minimumVersion = 4.0.3;
			};
		};
/* End XCRemoteSwiftPackageReference section */

/* Begin XCSwiftPackageProductDependency section */
		C68BA5FC48025A18A39102D3 /* ShelfKit */ = {
			isa = XCSwiftPackageProductDependency;
			package = 5E140441CFABED8C420150A3 /* XCRemoteSwiftPackageReference "shelfkit" */;
			productName = ShelfKit;
		};
		EB37802BFD4CF09156555AAF /* AMSMB2 */ = {
			isa = XCSwiftPackageProductDependency;
			package = 7C2FFC7B910C7411BE4721AF /* XCRemoteSwiftPackageReference "AMSMB2" */;
			productName = AMSMB2;
		};
/* End XCSwiftPackageProductDependency section */
	};
	rootObject = 9C2AB174B4069E5F7FE671C5 /* Project object */;
}
